
Microsoft Visual Studio Solution File, Format Version 12.00
# Visual Studio 2012
Project("{FAE04EC0-301F-11D3-BF4B-00C04F79EFBC}") = "KDS_CodedUI", "CodedUITestProject1\KDS_CodedUI.csproj", "{8A0A87BD-FF93-44D8-819A-67BB7DC58EEA}"
EndProject
Global
	GlobalSection(TeamFoundationVersionControl) = preSolution
		SccNumberOfProjects = 2
		SccEnterpriseProvider = {4CA58AB2-18FA-4F8D-95D4-32DDF27D184C}
		SccTeamFoundationServer = http://tfssrv01:8080/tfs/ksafimcollection
		SccProjectUniqueName0 = CodedUITestProject1\\KDS_CodedUI.csproj
		SccProjectName0 = CodedUITestProject1
		SccLocalPath0 = CodedUITestProject1
		SccLocalPath1 = .
	EndGlobalSection
	GlobalSection(SolutionConfigurationPlatforms) = preSolution
		Debug|Any CPU = Debug|Any CPU
		Release|Any CPU = Release|Any CPU
	EndGlobalSection
	GlobalSection(ProjectConfigurationPlatforms) = postSolution
		{8A0A87BD-FF93-44D8-819A-67BB7DC58EEA}.Debug|Any CPU.ActiveCfg = Debug|Any CPU
		{8A0A87BD-FF93-44D8-819A-67BB7DC58EEA}.Debug|Any CPU.Build.0 = Debug|Any CPU
		{8A0A87BD-FF93-44D8-819A-67BB7DC58EEA}.Release|Any CPU.ActiveCfg = Release|Any CPU
		{8A0A87BD-FF93-44D8-819A-67BB7DC58EEA}.Release|Any CPU.Build.0 = Release|Any CPU
	EndGlobalSection
	GlobalSection(SolutionProperties) = preSolution
		HideSolutionNode = FALSE
	EndGlobalSection
EndGlobal
