
Microsoft Visual Studio Solution File, Format Version 12.00
# Visual Studio 2012
Project("{FAE04EC0-301F-11D3-BF4B-00C04F79EFBC}") = "KdsLibrary", "KdsLibrary\KdsLibrary.csproj", "{B3E759EC-2A7B-4C38-9013-730C3A628AA8}"
EndProject
Project("{FAE04EC0-301F-11D3-BF4B-00C04F79EFBC}") = "KdsDefinition", "KdsDefinition\KdsDefinition.csproj", "{547669FA-B1B3-446C-8E8A-82E279AB2C4C}"
EndProject
Project("{F184B08F-C81C-45F6-A57F-5ABD9991F28F}") = "KdsScheduler", "KdsScheduler\KdsScheduler.vbproj", "{E871EADB-30EA-4F80-B70B-6CB95A885E4B}"
EndProject
Project("{F184B08F-C81C-45F6-A57F-5ABD9991F28F}") = "KdsDataImport", "KdsDataImport\KdsDataImport.vbproj", "{D4A152EC-27EB-4C8C-BDAB-4012680DA683}"
EndProject
Project("{FAE04EC0-301F-11D3-BF4B-00C04F79EFBC}") = "KdsWorkFlow", "KdsWorkFlow\KdsWorkFlow.csproj", "{8979010C-FE5C-4652-8027-FFF2378353E3}"
EndProject
Project("{FAE04EC0-301F-11D3-BF4B-00C04F79EFBC}") = "KdsService", "KdsService\KdsService.csproj", "{42E67ADD-8C97-47F4-B3F1-4EC0F49EE19F}"
EndProject
Project("{FAE04EC0-301F-11D3-BF4B-00C04F79EFBC}") = "KdsTaskManager", "KdsTaskManager\KdsTaskManager.csproj", "{438301FD-7CC1-40FB-A426-EBC716082965}"
EndProject
Project("{2150E333-8FDC-42A3-9474-1A3956D46DE8}") = "SharedLib", "SharedLib", "{D593F9A4-F613-4334-87A4-EF44EBF1A196}"
	ProjectSection(SolutionItems) = preProject
		..\SharedLib\AjaxControlToolkit.DLL = ..\SharedLib\AjaxControlToolkit.DLL
		..\SharedLib\Egged.WebCustomControls.dll = ..\SharedLib\Egged.WebCustomControls.dll
		..\SharedLib\FastMember.dll = ..\SharedLib\FastMember.dll
		..\SharedLib\Interop.Excel.dll = ..\SharedLib\Interop.Excel.dll
		..\SharedLib\Microsoft.Practices.ServiceLocation.dll = ..\SharedLib\Microsoft.Practices.ServiceLocation.dll
		..\SharedLib\Microsoft.Practices.Unity.dll = ..\SharedLib\Microsoft.Practices.Unity.dll
		..\SharedLib\Microsoft.ReportViewer.Common.dll = ..\SharedLib\Microsoft.ReportViewer.Common.dll
		..\SharedLib\Microsoft.ReportViewer.WebForms.dll = ..\SharedLib\Microsoft.ReportViewer.WebForms.dll
		..\SharedLib\Oracle.DataAccess.dll = ..\SharedLib\Oracle.DataAccess.dll
		..\SharedLib\Topshelf.dll = ..\SharedLib\Topshelf.dll
	EndProjectSection
EndProject
Project("{2150E333-8FDC-42A3-9474-1A3956D46DE8}") = "Infrastructure", "Infrastructure", "{4DA23671-7C5A-4FF7-86B8-A22FE56F5D5B}"
EndProject
Project("{FAE04EC0-301F-11D3-BF4B-00C04F79EFBC}") = "CacheInfra", "Infrastructure\CacheInfra\CacheInfra.csproj", "{96AA16AD-DC40-43DF-807D-C1F20ECD7C02}"
EndProject
Project("{2150E333-8FDC-42A3-9474-1A3956D46DE8}") = "Common", "Common", "{8F942FC4-D956-4D17-9756-F4E9B2446E64}"
EndProject
Project("{FAE04EC0-301F-11D3-BF4B-00C04F79EFBC}") = "KDSCommon", "Common\KDSCommon\KDSCommon.csproj", "{1CF6ED40-3036-4B17-AB5A-35F5C265C28C}"
EndProject
Project("{FAE04EC0-301F-11D3-BF4B-00C04F79EFBC}") = "KDSCache", "Common\KDSCache\KDSCache.csproj", "{F2F12CC6-7B61-4B62-A364-CF1E132D2BF9}"
EndProject
Project("{FAE04EC0-301F-11D3-BF4B-00C04F79EFBC}") = "KdsErrors", "KdsErrors\KdsErrors.csproj", "{99802F09-7707-4AE2-8120-7F2DAAF871D7}"
EndProject
Project("{FAE04EC0-301F-11D3-BF4B-00C04F79EFBC}") = "DalOraInfra", "Infrastructure\DalOraInfra\DalOraInfra.csproj", "{6EC931D1-0935-49F4-8A12-331CA207C256}"
EndProject
Project("{FAE04EC0-301F-11D3-BF4B-00C04F79EFBC}") = "KDSBLLogic", "Common\KDSBLLogic\KDSBLLogic.csproj", "{BA5C4914-3D29-4B2B-83AF-D43389DFED17}"
EndProject
Project("{2150E333-8FDC-42A3-9474-1A3956D46DE8}") = "KDSBL", "KDSBL", "{A6620A11-F241-4F85-994D-C9158FAD93EF}"
EndProject
Project("{FAE04EC0-301F-11D3-BF4B-00C04F79EFBC}") = "KdsShinuyim", "KDSBL\KdsShinuyim\KdsShinuyim.csproj", "{FD6ABF10-65F1-4091-A046-31681A93D563}"
EndProject
Project("{FAE04EC0-301F-11D3-BF4B-00C04F79EFBC}") = "ObjectCompare", "ObjectCompare\ObjectCompare.csproj", "{E4DBF1BD-F8E5-430F-BC25-8064954CEBEE}"
EndProject
Project("{2150E333-8FDC-42A3-9474-1A3956D46DE8}") = "Tests", "Tests", "{6F053E40-5E3D-4B67-B748-8B51AF74C5D5}"
EndProject
Project("{FAE04EC0-301F-11D3-BF4B-00C04F79EFBC}") = "ObjectComparerTester", "Tests\ObjectComparerTester\ObjectComparerTester.csproj", "{ECF904B0-35DE-4570-86BA-7676D617F07B}"
EndProject
Project("{FAE04EC0-301F-11D3-BF4B-00C04F79EFBC}") = "KdsBatch", "KdsBatch\KdsBatch.csproj", "{482BDA70-9AF2-4498-9627-E9C43EE44FDF}"
EndProject
Project("{FAE04EC0-301F-11D3-BF4B-00C04F79EFBC}") = "KDSBatchTester", "Tests\KDSBatchTester\KDSBatchTester.csproj", "{7B74C39D-09A2-4820-BDB1-A43186F127EE}"
EndProject
Project("{FAE04EC0-301F-11D3-BF4B-00C04F79EFBC}") = "KdsWebApplication", "KdsWebApplication\KdsWebApplication.csproj", "{EC1368EE-E9EB-45D4-B252-1329A077AD06}"
EndProject
Project("{FAE04EC0-301F-11D3-BF4B-00C04F79EFBC}") = "DropDownCheckBoxes", "DropDownCheckBoxes\DropDownCheckBoxes.csproj", "{DC5FD4C5-70C8-4EC1-A9EA-B0A3FB7AE1D3}"
EndProject
Project("{FAE04EC0-301F-11D3-BF4B-00C04F79EFBC}") = "KdsTaskManagerTester", "Tests\KdsTaskManagerTester\KdsTaskManagerTester.csproj", "{F685A3F0-4A35-4714-BD73-4FFC12829143}"
EndProject
Project("{FAE04EC0-301F-11D3-BF4B-00C04F79EFBC}") = "KdsCalcul", "KdsCalcul\KdsCalcul.csproj", "{48EFB3DB-EAD6-43A8-ACED-C5C8340FE244}"
EndProject
Project("{FAE04EC0-301F-11D3-BF4B-00C04F79EFBC}") = "KdsBankShaot", "KdsBankShaot\KdsBankShaot.csproj", "{F0816FFE-33AB-4F4F-85DB-94125E09140B}"
EndProject
Global
	GlobalSection(TeamFoundationVersionControl) = preSolution
		SccNumberOfProjects = 24
		SccEnterpriseProvider = {4CA58AB2-18FA-4F8D-95D4-32DDF27D184C}
		SccTeamFoundationServer = http://tfssrv01:8080/tfs/ksafimcollection
		SccLocalPath0 = .
		SccProjectUniqueName1 = KdsLibrary\\KdsLibrary.csproj
		SccProjectTopLevelParentUniqueName1 = Kds.sln
		SccProjectName1 = KdsLibrary
		SccLocalPath1 = KdsLibrary
		SccProjectUniqueName2 = KdsDefinition\\KdsDefinition.csproj
		SccProjectName2 = KdsDefinition
		SccLocalPath2 = KdsDefinition
		SccProjectUniqueName3 = KdsDataImport\\KdsDataImport.vbproj
		SccProjectName3 = KdsDataImport
		SccLocalPath3 = KdsDataImport
		SccProjectUniqueName4 = KdsWorkFlow\\KdsWorkFlow.csproj
		SccProjectName4 = KdsWorkFlow
		SccLocalPath4 = KdsWorkFlow
		SccProjectUniqueName5 = KdsService\\KdsService.csproj
		SccProjectName5 = KdsService
		SccLocalPath5 = KdsService
		SccProjectUniqueName6 = KdsTaskManager\\KdsTaskManager.csproj
		SccProjectName6 = KdsTaskManager
		SccLocalPath6 = KdsTaskManager
		SccProjectUniqueName7 = KdsScheduler\\KdsScheduler.vbproj
		SccProjectName7 = KdsScheduler
		SccLocalPath7 = KdsScheduler
		SccProjectUniqueName8 = KdsBatch\\KdsBatch.csproj
		SccProjectName8 = KdsBatch
		SccLocalPath8 = KdsBatch
		SccProjectUniqueName9 = ObjectCompare\\ObjectCompare.csproj
		SccProjectTopLevelParentUniqueName9 = Kds.sln
		SccProjectName9 = ObjectCompare
		SccLocalPath9 = ObjectCompare
		SccProjectUniqueName10 = Common\\KDSCommon\\KDSCommon.csproj
		SccProjectTopLevelParentUniqueName10 = Kds.sln
		SccProjectName10 = Common/KDSCommon
		SccLocalPath10 = Common\\KDSCommon
		SccProjectUniqueName11 = Infrastructure\\DalOraInfra\\DalOraInfra.csproj
		SccProjectTopLevelParentUniqueName11 = Kds.sln
		SccProjectName11 = Infrastructure/DalOraInfra
		SccLocalPath11 = Infrastructure\\DalOraInfra
		SccProjectUniqueName12 = Infrastructure\\CacheInfra\\CacheInfra.csproj
		SccProjectTopLevelParentUniqueName12 = Kds.sln
		SccProjectName12 = Infrastructure/CacheInfra
		SccLocalPath12 = Infrastructure\\CacheInfra
		SccProjectUniqueName13 = Common\\KDSCache\\KDSCache.csproj
		SccProjectTopLevelParentUniqueName13 = Kds.sln
		SccProjectName13 = Common/KDSCache
		SccLocalPath13 = Common\\KDSCache
		SccProjectUniqueName14 = Common\\KDSBLLogic\\KDSBLLogic.csproj
		SccProjectTopLevelParentUniqueName14 = Kds.sln
		SccProjectName14 = Common/KDSBLLogic
		SccLocalPath14 = Common\\KDSBLLogic
		SccProjectUniqueName15 = KDSBL\\KdsShinuyim\\KdsShinuyim.csproj
		SccProjectTopLevelParentUniqueName15 = Kds.sln
		SccProjectName15 = KDSBL/KdsShinuyim
		SccLocalPath15 = KDSBL\\KdsShinuyim
		SccProjectUniqueName16 = KdsErrors\\KdsErrors.csproj
		SccProjectTopLevelParentUniqueName16 = Kds.sln
		SccProjectName16 = KdsErrors
		SccLocalPath16 = KdsErrors
		SccProjectUniqueName17 = Tests\\KDSBatchTester\\KDSBatchTester.csproj
		SccProjectTopLevelParentUniqueName17 = Kds.sln
		SccProjectName17 = Tests/KDSBatchTester
		SccLocalPath17 = Tests\\KDSBatchTester
		SccProjectUniqueName18 = KdsWebApplication\\KdsWebApplication.csproj
		SccProjectName18 = KdsWebApplication
		SccLocalPath18 = KdsWebApplication
		SccProjectUniqueName19 = Tests\\ObjectComparerTester\\ObjectComparerTester.csproj
		SccProjectTopLevelParentUniqueName19 = Kds.sln
		SccProjectName19 = Tests/ObjectComparerTester
		SccLocalPath19 = Tests\\ObjectComparerTester
		SccProjectUniqueName20 = DropDownCheckBoxes\\DropDownCheckBoxes.csproj
		SccProjectName20 = DropDownCheckBoxes
		SccLocalPath20 = DropDownCheckBoxes
		SccProjectUniqueName21 = Tests\\KdsTaskManagerTester\\KdsTaskManagerTester.csproj
		SccProjectTopLevelParentUniqueName21 = Kds.sln
		SccProjectName21 = Tests/KdsTaskManagerTester
		SccLocalPath21 = Tests\\KdsTaskManagerTester
		SccProjectUniqueName22 = KdsCalcul\\KdsCalcul.csproj
		SccProjectName22 = KdsCalcul
		SccLocalPath22 = KdsCalcul
		SccProjectUniqueName23 = KdsBankShaot\\KdsBankShaot.csproj
		SccProjectTopLevelParentUniqueName23 = Kds.sln
		SccProjectName23 = KdsBankShaot
		SccLocalPath23 = KdsBankShaot
	EndGlobalSection
	GlobalSection(SolutionConfigurationPlatforms) = preSolution
		Debug|.NET = Debug|.NET
		Debug|Any CPU = Debug|Any CPU
		Debug|Mixed Platforms = Debug|Mixed Platforms
		Debug|x86 = Debug|x86
		KdsProd01|.NET = KdsProd01|.NET
		KdsProd01|Any CPU = KdsProd01|Any CPU
		KdsProd01|Mixed Platforms = KdsProd01|Mixed Platforms
		KdsProd01|x86 = KdsProd01|x86
		KdsProd02|.NET = KdsProd02|.NET
		KdsProd02|Any CPU = KdsProd02|Any CPU
		KdsProd02|Mixed Platforms = KdsProd02|Mixed Platforms
		KdsProd02|x86 = KdsProd02|x86
		KdsTest|.NET = KdsTest|.NET
		KdsTest|Any CPU = KdsTest|Any CPU
		KdsTest|Mixed Platforms = KdsTest|Mixed Platforms
		KdsTest|x86 = KdsTest|x86
		Release|.NET = Release|.NET
		Release|Any CPU = Release|Any CPU
		Release|Mixed Platforms = Release|Mixed Platforms
		Release|x86 = Release|x86
		Test|.NET = Test|.NET
		Test|Any CPU = Test|Any CPU
		Test|Mixed Platforms = Test|Mixed Platforms
		Test|x86 = Test|x86
	EndGlobalSection
	GlobalSection(ProjectConfigurationPlatforms) = postSolution
		{B3E759EC-2A7B-4C38-9013-730C3A628AA8}.Debug|.NET.ActiveCfg = Debug|Any CPU
		{B3E759EC-2A7B-4C38-9013-730C3A628AA8}.Debug|.NET.Build.0 = Debug|Any CPU
		{B3E759EC-2A7B-4C38-9013-730C3A628AA8}.Debug|Any CPU.ActiveCfg = Debug|Any CPU
		{B3E759EC-2A7B-4C38-9013-730C3A628AA8}.Debug|Any CPU.Build.0 = Debug|Any CPU
		{B3E759EC-2A7B-4C38-9013-730C3A628AA8}.Debug|Mixed Platforms.ActiveCfg = Debug|Any CPU
		{B3E759EC-2A7B-4C38-9013-730C3A628AA8}.Debug|Mixed Platforms.Build.0 = Debug|Any CPU
		{B3E759EC-2A7B-4C38-9013-730C3A628AA8}.Debug|x86.ActiveCfg = Debug|Any CPU
		{B3E759EC-2A7B-4C38-9013-730C3A628AA8}.KdsProd01|.NET.ActiveCfg = KdsProd01|Any CPU
		{B3E759EC-2A7B-4C38-9013-730C3A628AA8}.KdsProd01|.NET.Build.0 = KdsProd01|Any CPU
		{B3E759EC-2A7B-4C38-9013-730C3A628AA8}.KdsProd01|Any CPU.ActiveCfg = KdsProd01|Any CPU
		{B3E759EC-2A7B-4C38-9013-730C3A628AA8}.KdsProd01|Any CPU.Build.0 = KdsProd01|Any CPU
		{B3E759EC-2A7B-4C38-9013-730C3A628AA8}.KdsProd01|Mixed Platforms.ActiveCfg = KdsProd01|Any CPU
		{B3E759EC-2A7B-4C38-9013-730C3A628AA8}.KdsProd01|Mixed Platforms.Build.0 = KdsProd01|Any CPU
		{B3E759EC-2A7B-4C38-9013-730C3A628AA8}.KdsProd01|x86.ActiveCfg = KdsProd01|Any CPU
		{B3E759EC-2A7B-4C38-9013-730C3A628AA8}.KdsProd01|x86.Build.0 = KdsProd01|Any CPU
		{B3E759EC-2A7B-4C38-9013-730C3A628AA8}.KdsProd02|.NET.ActiveCfg = KdsProd02|Any CPU
		{B3E759EC-2A7B-4C38-9013-730C3A628AA8}.KdsProd02|.NET.Build.0 = KdsProd02|Any CPU
		{B3E759EC-2A7B-4C38-9013-730C3A628AA8}.KdsProd02|Any CPU.ActiveCfg = KdsProd02|Any CPU
		{B3E759EC-2A7B-4C38-9013-730C3A628AA8}.KdsProd02|Any CPU.Build.0 = KdsProd02|Any CPU
		{B3E759EC-2A7B-4C38-9013-730C3A628AA8}.KdsProd02|Mixed Platforms.ActiveCfg = KdsProd02|Any CPU
		{B3E759EC-2A7B-4C38-9013-730C3A628AA8}.KdsProd02|Mixed Platforms.Build.0 = KdsProd02|Any CPU
		{B3E759EC-2A7B-4C38-9013-730C3A628AA8}.KdsProd02|x86.ActiveCfg = KdsProd02|Any CPU
		{B3E759EC-2A7B-4C38-9013-730C3A628AA8}.KdsProd02|x86.Build.0 = KdsProd02|Any CPU
		{B3E759EC-2A7B-4C38-9013-730C3A628AA8}.KdsTest|.NET.ActiveCfg = KdsTest|Any CPU
		{B3E759EC-2A7B-4C38-9013-730C3A628AA8}.KdsTest|.NET.Build.0 = KdsTest|Any CPU
		{B3E759EC-2A7B-4C38-9013-730C3A628AA8}.KdsTest|Any CPU.ActiveCfg = KdsTest|Any CPU
		{B3E759EC-2A7B-4C38-9013-730C3A628AA8}.KdsTest|Any CPU.Build.0 = KdsTest|Any CPU
		{B3E759EC-2A7B-4C38-9013-730C3A628AA8}.KdsTest|Mixed Platforms.ActiveCfg = KdsTest|Any CPU
		{B3E759EC-2A7B-4C38-9013-730C3A628AA8}.KdsTest|Mixed Platforms.Build.0 = KdsTest|Any CPU
		{B3E759EC-2A7B-4C38-9013-730C3A628AA8}.KdsTest|x86.ActiveCfg = KdsTest|Any CPU
		{B3E759EC-2A7B-4C38-9013-730C3A628AA8}.KdsTest|x86.Build.0 = KdsTest|Any CPU
		{B3E759EC-2A7B-4C38-9013-730C3A628AA8}.Release|.NET.ActiveCfg = Release|Any CPU
		{B3E759EC-2A7B-4C38-9013-730C3A628AA8}.Release|.NET.Build.0 = Release|Any CPU
		{B3E759EC-2A7B-4C38-9013-730C3A628AA8}.Release|Any CPU.ActiveCfg = Release|Any CPU
		{B3E759EC-2A7B-4C38-9013-730C3A628AA8}.Release|Any CPU.Build.0 = Release|Any CPU
		{B3E759EC-2A7B-4C38-9013-730C3A628AA8}.Release|Mixed Platforms.ActiveCfg = Release|Any CPU
		{B3E759EC-2A7B-4C38-9013-730C3A628AA8}.Release|Mixed Platforms.Build.0 = Release|Any CPU
		{B3E759EC-2A7B-4C38-9013-730C3A628AA8}.Release|x86.ActiveCfg = Release|Any CPU
		{B3E759EC-2A7B-4C38-9013-730C3A628AA8}.Test|.NET.ActiveCfg = Test|Any CPU
		{B3E759EC-2A7B-4C38-9013-730C3A628AA8}.Test|Any CPU.ActiveCfg = Test|Any CPU
		{B3E759EC-2A7B-4C38-9013-730C3A628AA8}.Test|Any CPU.Build.0 = Test|Any CPU
		{B3E759EC-2A7B-4C38-9013-730C3A628AA8}.Test|Mixed Platforms.ActiveCfg = Test|Any CPU
		{B3E759EC-2A7B-4C38-9013-730C3A628AA8}.Test|Mixed Platforms.Build.0 = Test|Any CPU
		{B3E759EC-2A7B-4C38-9013-730C3A628AA8}.Test|x86.ActiveCfg = Test|Any CPU
		{547669FA-B1B3-446C-8E8A-82E279AB2C4C}.Debug|.NET.ActiveCfg = Debug|Any CPU
		{547669FA-B1B3-446C-8E8A-82E279AB2C4C}.Debug|.NET.Build.0 = Debug|Any CPU
		{547669FA-B1B3-446C-8E8A-82E279AB2C4C}.Debug|Any CPU.ActiveCfg = Debug|Any CPU
		{547669FA-B1B3-446C-8E8A-82E279AB2C4C}.Debug|Any CPU.Build.0 = Debug|Any CPU
		{547669FA-B1B3-446C-8E8A-82E279AB2C4C}.Debug|Mixed Platforms.ActiveCfg = Debug|Any CPU
		{547669FA-B1B3-446C-8E8A-82E279AB2C4C}.Debug|Mixed Platforms.Build.0 = Debug|Any CPU
		{547669FA-B1B3-446C-8E8A-82E279AB2C4C}.Debug|x86.ActiveCfg = Debug|Any CPU
		{547669FA-B1B3-446C-8E8A-82E279AB2C4C}.KdsProd01|.NET.ActiveCfg = KdsProd01|Any CPU
		{547669FA-B1B3-446C-8E8A-82E279AB2C4C}.KdsProd01|.NET.Build.0 = KdsProd01|Any CPU
		{547669FA-B1B3-446C-8E8A-82E279AB2C4C}.KdsProd01|Any CPU.ActiveCfg = KdsProd01|Any CPU
		{547669FA-B1B3-446C-8E8A-82E279AB2C4C}.KdsProd01|Any CPU.Build.0 = KdsProd01|Any CPU
		{547669FA-B1B3-446C-8E8A-82E279AB2C4C}.KdsProd01|Mixed Platforms.ActiveCfg = KdsProd01|Any CPU
		{547669FA-B1B3-446C-8E8A-82E279AB2C4C}.KdsProd01|Mixed Platforms.Build.0 = KdsProd01|Any CPU
		{547669FA-B1B3-446C-8E8A-82E279AB2C4C}.KdsProd01|x86.ActiveCfg = KdsProd01|Any CPU
		{547669FA-B1B3-446C-8E8A-82E279AB2C4C}.KdsProd01|x86.Build.0 = KdsProd01|Any CPU
		{547669FA-B1B3-446C-8E8A-82E279AB2C4C}.KdsProd02|.NET.ActiveCfg = KdsProd02|Any CPU
		{547669FA-B1B3-446C-8E8A-82E279AB2C4C}.KdsProd02|.NET.Build.0 = KdsProd02|Any CPU
		{547669FA-B1B3-446C-8E8A-82E279AB2C4C}.KdsProd02|Any CPU.ActiveCfg = KdsProd02|Any CPU
		{547669FA-B1B3-446C-8E8A-82E279AB2C4C}.KdsProd02|Any CPU.Build.0 = KdsProd02|Any CPU
		{547669FA-B1B3-446C-8E8A-82E279AB2C4C}.KdsProd02|Mixed Platforms.ActiveCfg = KdsProd02|Any CPU
		{547669FA-B1B3-446C-8E8A-82E279AB2C4C}.KdsProd02|Mixed Platforms.Build.0 = KdsProd02|Any CPU
		{547669FA-B1B3-446C-8E8A-82E279AB2C4C}.KdsProd02|x86.ActiveCfg = KdsProd02|Any CPU
		{547669FA-B1B3-446C-8E8A-82E279AB2C4C}.KdsProd02|x86.Build.0 = KdsProd02|Any CPU
		{547669FA-B1B3-446C-8E8A-82E279AB2C4C}.KdsTest|.NET.ActiveCfg = KdsTest|Any CPU
		{547669FA-B1B3-446C-8E8A-82E279AB2C4C}.KdsTest|.NET.Build.0 = KdsTest|Any CPU
		{547669FA-B1B3-446C-8E8A-82E279AB2C4C}.KdsTest|Any CPU.ActiveCfg = KdsTest|Any CPU
		{547669FA-B1B3-446C-8E8A-82E279AB2C4C}.KdsTest|Any CPU.Build.0 = KdsTest|Any CPU
		{547669FA-B1B3-446C-8E8A-82E279AB2C4C}.KdsTest|Mixed Platforms.ActiveCfg = KdsTest|Any CPU
		{547669FA-B1B3-446C-8E8A-82E279AB2C4C}.KdsTest|Mixed Platforms.Build.0 = KdsTest|Any CPU
		{547669FA-B1B3-446C-8E8A-82E279AB2C4C}.KdsTest|x86.ActiveCfg = KdsTest|Any CPU
		{547669FA-B1B3-446C-8E8A-82E279AB2C4C}.KdsTest|x86.Build.0 = KdsTest|Any CPU
		{547669FA-B1B3-446C-8E8A-82E279AB2C4C}.Release|.NET.ActiveCfg = Release|Any CPU
		{547669FA-B1B3-446C-8E8A-82E279AB2C4C}.Release|.NET.Build.0 = Release|Any CPU
		{547669FA-B1B3-446C-8E8A-82E279AB2C4C}.Release|Any CPU.ActiveCfg = Release|Any CPU
		{547669FA-B1B3-446C-8E8A-82E279AB2C4C}.Release|Any CPU.Build.0 = Release|Any CPU
		{547669FA-B1B3-446C-8E8A-82E279AB2C4C}.Release|Mixed Platforms.ActiveCfg = Release|Any CPU
		{547669FA-B1B3-446C-8E8A-82E279AB2C4C}.Release|Mixed Platforms.Build.0 = Release|Any CPU
		{547669FA-B1B3-446C-8E8A-82E279AB2C4C}.Release|x86.ActiveCfg = Release|Any CPU
		{547669FA-B1B3-446C-8E8A-82E279AB2C4C}.Test|.NET.ActiveCfg = Test|Any CPU
		{547669FA-B1B3-446C-8E8A-82E279AB2C4C}.Test|Any CPU.ActiveCfg = Test|Any CPU
		{547669FA-B1B3-446C-8E8A-82E279AB2C4C}.Test|Any CPU.Build.0 = Test|Any CPU
		{547669FA-B1B3-446C-8E8A-82E279AB2C4C}.Test|Mixed Platforms.ActiveCfg = Test|Any CPU
		{547669FA-B1B3-446C-8E8A-82E279AB2C4C}.Test|Mixed Platforms.Build.0 = Test|Any CPU
		{547669FA-B1B3-446C-8E8A-82E279AB2C4C}.Test|x86.ActiveCfg = Test|Any CPU
		{E871EADB-30EA-4F80-B70B-6CB95A885E4B}.Debug|.NET.ActiveCfg = Debug|Any CPU
		{E871EADB-30EA-4F80-B70B-6CB95A885E4B}.Debug|.NET.Build.0 = Debug|Any CPU
		{E871EADB-30EA-4F80-B70B-6CB95A885E4B}.Debug|Any CPU.ActiveCfg = Debug|Any CPU
		{E871EADB-30EA-4F80-B70B-6CB95A885E4B}.Debug|Any CPU.Build.0 = Debug|Any CPU
		{E871EADB-30EA-4F80-B70B-6CB95A885E4B}.Debug|Mixed Platforms.ActiveCfg = Debug|Any CPU
		{E871EADB-30EA-4F80-B70B-6CB95A885E4B}.Debug|Mixed Platforms.Build.0 = Debug|Any CPU
		{E871EADB-30EA-4F80-B70B-6CB95A885E4B}.Debug|x86.ActiveCfg = Debug|Any CPU
		{E871EADB-30EA-4F80-B70B-6CB95A885E4B}.KdsProd01|.NET.ActiveCfg = KdsProd01|Any CPU
		{E871EADB-30EA-4F80-B70B-6CB95A885E4B}.KdsProd01|.NET.Build.0 = KdsProd01|Any CPU
		{E871EADB-30EA-4F80-B70B-6CB95A885E4B}.KdsProd01|Any CPU.ActiveCfg = KdsProd01|Any CPU
		{E871EADB-30EA-4F80-B70B-6CB95A885E4B}.KdsProd01|Any CPU.Build.0 = KdsProd01|Any CPU
		{E871EADB-30EA-4F80-B70B-6CB95A885E4B}.KdsProd01|Mixed Platforms.ActiveCfg = KdsProd01|Any CPU
		{E871EADB-30EA-4F80-B70B-6CB95A885E4B}.KdsProd01|Mixed Platforms.Build.0 = KdsProd01|Any CPU
		{E871EADB-30EA-4F80-B70B-6CB95A885E4B}.KdsProd01|x86.ActiveCfg = KdsProd01|Any CPU
		{E871EADB-30EA-4F80-B70B-6CB95A885E4B}.KdsProd01|x86.Build.0 = KdsProd01|Any CPU
		{E871EADB-30EA-4F80-B70B-6CB95A885E4B}.KdsProd02|.NET.ActiveCfg = KdsProd02|Any CPU
		{E871EADB-30EA-4F80-B70B-6CB95A885E4B}.KdsProd02|Any CPU.ActiveCfg = KdsProd02|Any CPU
		{E871EADB-30EA-4F80-B70B-6CB95A885E4B}.KdsProd02|Any CPU.Build.0 = KdsProd02|Any CPU
		{E871EADB-30EA-4F80-B70B-6CB95A885E4B}.KdsProd02|Mixed Platforms.ActiveCfg = KdsProd02|Any CPU
		{E871EADB-30EA-4F80-B70B-6CB95A885E4B}.KdsProd02|Mixed Platforms.Build.0 = KdsProd02|Any CPU
		{E871EADB-30EA-4F80-B70B-6CB95A885E4B}.KdsProd02|x86.ActiveCfg = KdsProd02|Any CPU
		{E871EADB-30EA-4F80-B70B-6CB95A885E4B}.KdsProd02|x86.Build.0 = KdsProd02|Any CPU
		{E871EADB-30EA-4F80-B70B-6CB95A885E4B}.KdsTest|.NET.ActiveCfg = KdsTest|Any CPU
		{E871EADB-30EA-4F80-B70B-6CB95A885E4B}.KdsTest|.NET.Build.0 = KdsTest|Any CPU
		{E871EADB-30EA-4F80-B70B-6CB95A885E4B}.KdsTest|Any CPU.ActiveCfg = KdsTest|Any CPU
		{E871EADB-30EA-4F80-B70B-6CB95A885E4B}.KdsTest|Any CPU.Build.0 = KdsTest|Any CPU
		{E871EADB-30EA-4F80-B70B-6CB95A885E4B}.KdsTest|Mixed Platforms.ActiveCfg = KdsTest|Any CPU
		{E871EADB-30EA-4F80-B70B-6CB95A885E4B}.KdsTest|Mixed Platforms.Build.0 = KdsTest|Any CPU
		{E871EADB-30EA-4F80-B70B-6CB95A885E4B}.KdsTest|x86.ActiveCfg = KdsTest|Any CPU
		{E871EADB-30EA-4F80-B70B-6CB95A885E4B}.KdsTest|x86.Build.0 = KdsTest|Any CPU
		{E871EADB-30EA-4F80-B70B-6CB95A885E4B}.Release|.NET.ActiveCfg = Release|Any CPU
		{E871EADB-30EA-4F80-B70B-6CB95A885E4B}.Release|.NET.Build.0 = Release|Any CPU
		{E871EADB-30EA-4F80-B70B-6CB95A885E4B}.Release|Any CPU.ActiveCfg = Release|Any CPU
		{E871EADB-30EA-4F80-B70B-6CB95A885E4B}.Release|Any CPU.Build.0 = Release|Any CPU
		{E871EADB-30EA-4F80-B70B-6CB95A885E4B}.Release|Mixed Platforms.ActiveCfg = Release|Any CPU
		{E871EADB-30EA-4F80-B70B-6CB95A885E4B}.Release|Mixed Platforms.Build.0 = Release|Any CPU
		{E871EADB-30EA-4F80-B70B-6CB95A885E4B}.Release|x86.ActiveCfg = Release|Any CPU
		{E871EADB-30EA-4F80-B70B-6CB95A885E4B}.Test|.NET.ActiveCfg = Test|Any CPU
		{E871EADB-30EA-4F80-B70B-6CB95A885E4B}.Test|Any CPU.ActiveCfg = Test|Any CPU
		{E871EADB-30EA-4F80-B70B-6CB95A885E4B}.Test|Any CPU.Build.0 = Test|Any CPU
		{E871EADB-30EA-4F80-B70B-6CB95A885E4B}.Test|Mixed Platforms.ActiveCfg = Test|Any CPU
		{E871EADB-30EA-4F80-B70B-6CB95A885E4B}.Test|Mixed Platforms.Build.0 = Test|Any CPU
		{E871EADB-30EA-4F80-B70B-6CB95A885E4B}.Test|x86.ActiveCfg = Test|Any CPU
		{D4A152EC-27EB-4C8C-BDAB-4012680DA683}.Debug|.NET.ActiveCfg = Debug|Any CPU
		{D4A152EC-27EB-4C8C-BDAB-4012680DA683}.Debug|.NET.Build.0 = Debug|Any CPU
		{D4A152EC-27EB-4C8C-BDAB-4012680DA683}.Debug|Any CPU.ActiveCfg = Debug|Any CPU
		{D4A152EC-27EB-4C8C-BDAB-4012680DA683}.Debug|Any CPU.Build.0 = Debug|Any CPU
		{D4A152EC-27EB-4C8C-BDAB-4012680DA683}.Debug|Mixed Platforms.ActiveCfg = Debug|Any CPU
		{D4A152EC-27EB-4C8C-BDAB-4012680DA683}.Debug|Mixed Platforms.Build.0 = Debug|Any CPU
		{D4A152EC-27EB-4C8C-BDAB-4012680DA683}.Debug|x86.ActiveCfg = Debug|Any CPU
		{D4A152EC-27EB-4C8C-BDAB-4012680DA683}.KdsProd01|.NET.ActiveCfg = KdsProd01|Any CPU
		{D4A152EC-27EB-4C8C-BDAB-4012680DA683}.KdsProd01|.NET.Build.0 = KdsProd01|Any CPU
		{D4A152EC-27EB-4C8C-BDAB-4012680DA683}.KdsProd01|Any CPU.ActiveCfg = KdsProd01|Any CPU
		{D4A152EC-27EB-4C8C-BDAB-4012680DA683}.KdsProd01|Any CPU.Build.0 = KdsProd01|Any CPU
		{D4A152EC-27EB-4C8C-BDAB-4012680DA683}.KdsProd01|Mixed Platforms.ActiveCfg = KdsProd01|Any CPU
		{D4A152EC-27EB-4C8C-BDAB-4012680DA683}.KdsProd01|Mixed Platforms.Build.0 = KdsProd01|Any CPU
		{D4A152EC-27EB-4C8C-BDAB-4012680DA683}.KdsProd01|x86.ActiveCfg = KdsProd01|Any CPU
		{D4A152EC-27EB-4C8C-BDAB-4012680DA683}.KdsProd01|x86.Build.0 = KdsProd01|Any CPU
		{D4A152EC-27EB-4C8C-BDAB-4012680DA683}.KdsProd02|.NET.ActiveCfg = KdsProd02|Any CPU
		{D4A152EC-27EB-4C8C-BDAB-4012680DA683}.KdsProd02|.NET.Build.0 = KdsProd02|Any CPU
		{D4A152EC-27EB-4C8C-BDAB-4012680DA683}.KdsProd02|Any CPU.ActiveCfg = KdsProd02|Any CPU
		{D4A152EC-27EB-4C8C-BDAB-4012680DA683}.KdsProd02|Any CPU.Build.0 = KdsProd02|Any CPU
		{D4A152EC-27EB-4C8C-BDAB-4012680DA683}.KdsProd02|Mixed Platforms.ActiveCfg = KdsProd02|Any CPU
		{D4A152EC-27EB-4C8C-BDAB-4012680DA683}.KdsProd02|Mixed Platforms.Build.0 = KdsProd02|Any CPU
		{D4A152EC-27EB-4C8C-BDAB-4012680DA683}.KdsProd02|x86.ActiveCfg = KdsProd02|Any CPU
		{D4A152EC-27EB-4C8C-BDAB-4012680DA683}.KdsProd02|x86.Build.0 = KdsProd02|Any CPU
		{D4A152EC-27EB-4C8C-BDAB-4012680DA683}.KdsTest|.NET.ActiveCfg = KdsTest|Any CPU
		{D4A152EC-27EB-4C8C-BDAB-4012680DA683}.KdsTest|.NET.Build.0 = KdsTest|Any CPU
		{D4A152EC-27EB-4C8C-BDAB-4012680DA683}.KdsTest|Any CPU.ActiveCfg = KdsTest|Any CPU
		{D4A152EC-27EB-4C8C-BDAB-4012680DA683}.KdsTest|Any CPU.Build.0 = KdsTest|Any CPU
		{D4A152EC-27EB-4C8C-BDAB-4012680DA683}.KdsTest|Mixed Platforms.ActiveCfg = KdsTest|Any CPU
		{D4A152EC-27EB-4C8C-BDAB-4012680DA683}.KdsTest|Mixed Platforms.Build.0 = KdsTest|Any CPU
		{D4A152EC-27EB-4C8C-BDAB-4012680DA683}.KdsTest|x86.ActiveCfg = KdsTest|Any CPU
		{D4A152EC-27EB-4C8C-BDAB-4012680DA683}.KdsTest|x86.Build.0 = KdsTest|Any CPU
		{D4A152EC-27EB-4C8C-BDAB-4012680DA683}.Release|.NET.ActiveCfg = Release|Any CPU
		{D4A152EC-27EB-4C8C-BDAB-4012680DA683}.Release|.NET.Build.0 = Release|Any CPU
		{D4A152EC-27EB-4C8C-BDAB-4012680DA683}.Release|Any CPU.ActiveCfg = Release|Any CPU
		{D4A152EC-27EB-4C8C-BDAB-4012680DA683}.Release|Any CPU.Build.0 = Release|Any CPU
		{D4A152EC-27EB-4C8C-BDAB-4012680DA683}.Release|Mixed Platforms.ActiveCfg = Release|Any CPU
		{D4A152EC-27EB-4C8C-BDAB-4012680DA683}.Release|Mixed Platforms.Build.0 = Release|Any CPU
		{D4A152EC-27EB-4C8C-BDAB-4012680DA683}.Release|x86.ActiveCfg = Release|Any CPU
		{D4A152EC-27EB-4C8C-BDAB-4012680DA683}.Test|.NET.ActiveCfg = KdsTest|Any CPU
		{D4A152EC-27EB-4C8C-BDAB-4012680DA683}.Test|Any CPU.ActiveCfg = KdsTest|Any CPU
		{D4A152EC-27EB-4C8C-BDAB-4012680DA683}.Test|Any CPU.Build.0 = KdsTest|Any CPU
		{D4A152EC-27EB-4C8C-BDAB-4012680DA683}.Test|Mixed Platforms.ActiveCfg = KdsTest|Any CPU
		{D4A152EC-27EB-4C8C-BDAB-4012680DA683}.Test|Mixed Platforms.Build.0 = KdsTest|Any CPU
		{D4A152EC-27EB-4C8C-BDAB-4012680DA683}.Test|x86.ActiveCfg = KdsTest|Any CPU
		{8979010C-FE5C-4652-8027-FFF2378353E3}.Debug|.NET.ActiveCfg = Debug|Any CPU
		{8979010C-FE5C-4652-8027-FFF2378353E3}.Debug|.NET.Build.0 = Debug|Any CPU
		{8979010C-FE5C-4652-8027-FFF2378353E3}.Debug|Any CPU.ActiveCfg = Debug|Any CPU
		{8979010C-FE5C-4652-8027-FFF2378353E3}.Debug|Any CPU.Build.0 = Debug|Any CPU
		{8979010C-FE5C-4652-8027-FFF2378353E3}.Debug|Mixed Platforms.ActiveCfg = Debug|Any CPU
		{8979010C-FE5C-4652-8027-FFF2378353E3}.Debug|Mixed Platforms.Build.0 = Debug|Any CPU
		{8979010C-FE5C-4652-8027-FFF2378353E3}.Debug|x86.ActiveCfg = Debug|Any CPU
		{8979010C-FE5C-4652-8027-FFF2378353E3}.KdsProd01|.NET.ActiveCfg = KdsProd01|Any CPU
		{8979010C-FE5C-4652-8027-FFF2378353E3}.KdsProd01|.NET.Build.0 = KdsProd01|Any CPU
		{8979010C-FE5C-4652-8027-FFF2378353E3}.KdsProd01|Any CPU.ActiveCfg = KdsProd01|Any CPU
		{8979010C-FE5C-4652-8027-FFF2378353E3}.KdsProd01|Any CPU.Build.0 = KdsProd01|Any CPU
		{8979010C-FE5C-4652-8027-FFF2378353E3}.KdsProd01|Mixed Platforms.ActiveCfg = KdsProd01|Any CPU
		{8979010C-FE5C-4652-8027-FFF2378353E3}.KdsProd01|Mixed Platforms.Build.0 = KdsProd01|Any CPU
		{8979010C-FE5C-4652-8027-FFF2378353E3}.KdsProd01|x86.ActiveCfg = KdsProd01|Any CPU
		{8979010C-FE5C-4652-8027-FFF2378353E3}.KdsProd01|x86.Build.0 = KdsProd01|Any CPU
		{8979010C-FE5C-4652-8027-FFF2378353E3}.KdsProd02|.NET.ActiveCfg = KdsProd02|Any CPU
		{8979010C-FE5C-4652-8027-FFF2378353E3}.KdsProd02|.NET.Build.0 = KdsProd02|Any CPU
		{8979010C-FE5C-4652-8027-FFF2378353E3}.KdsProd02|Any CPU.ActiveCfg = KdsProd02|Any CPU
		{8979010C-FE5C-4652-8027-FFF2378353E3}.KdsProd02|Any CPU.Build.0 = KdsProd02|Any CPU
		{8979010C-FE5C-4652-8027-FFF2378353E3}.KdsProd02|Mixed Platforms.ActiveCfg = KdsProd02|Any CPU
		{8979010C-FE5C-4652-8027-FFF2378353E3}.KdsProd02|Mixed Platforms.Build.0 = KdsProd02|Any CPU
		{8979010C-FE5C-4652-8027-FFF2378353E3}.KdsProd02|x86.ActiveCfg = KdsProd02|Any CPU
		{8979010C-FE5C-4652-8027-FFF2378353E3}.KdsProd02|x86.Build.0 = KdsProd02|Any CPU
		{8979010C-FE5C-4652-8027-FFF2378353E3}.KdsTest|.NET.ActiveCfg = KdsTest|Any CPU
		{8979010C-FE5C-4652-8027-FFF2378353E3}.KdsTest|.NET.Build.0 = KdsTest|Any CPU
		{8979010C-FE5C-4652-8027-FFF2378353E3}.KdsTest|Any CPU.ActiveCfg = KdsTest|Any CPU
		{8979010C-FE5C-4652-8027-FFF2378353E3}.KdsTest|Any CPU.Build.0 = KdsTest|Any CPU
		{8979010C-FE5C-4652-8027-FFF2378353E3}.KdsTest|Mixed Platforms.ActiveCfg = KdsTest|Any CPU
		{8979010C-FE5C-4652-8027-FFF2378353E3}.KdsTest|Mixed Platforms.Build.0 = KdsTest|Any CPU
		{8979010C-FE5C-4652-8027-FFF2378353E3}.KdsTest|x86.ActiveCfg = KdsTest|Any CPU
		{8979010C-FE5C-4652-8027-FFF2378353E3}.KdsTest|x86.Build.0 = KdsTest|Any CPU
		{8979010C-FE5C-4652-8027-FFF2378353E3}.Release|.NET.ActiveCfg = Release|Any CPU
		{8979010C-FE5C-4652-8027-FFF2378353E3}.Release|.NET.Build.0 = Release|Any CPU
		{8979010C-FE5C-4652-8027-FFF2378353E3}.Release|Any CPU.ActiveCfg = Release|Any CPU
		{8979010C-FE5C-4652-8027-FFF2378353E3}.Release|Any CPU.Build.0 = Release|Any CPU
		{8979010C-FE5C-4652-8027-FFF2378353E3}.Release|Mixed Platforms.ActiveCfg = Release|Any CPU
		{8979010C-FE5C-4652-8027-FFF2378353E3}.Release|Mixed Platforms.Build.0 = Release|Any CPU
		{8979010C-FE5C-4652-8027-FFF2378353E3}.Release|x86.ActiveCfg = Release|Any CPU
		{8979010C-FE5C-4652-8027-FFF2378353E3}.Test|.NET.ActiveCfg = Test|Any CPU
		{8979010C-FE5C-4652-8027-FFF2378353E3}.Test|Any CPU.ActiveCfg = Test|Any CPU
		{8979010C-FE5C-4652-8027-FFF2378353E3}.Test|Any CPU.Build.0 = Test|Any CPU
		{8979010C-FE5C-4652-8027-FFF2378353E3}.Test|Mixed Platforms.ActiveCfg = Test|Any CPU
		{8979010C-FE5C-4652-8027-FFF2378353E3}.Test|Mixed Platforms.Build.0 = Test|Any CPU
		{8979010C-FE5C-4652-8027-FFF2378353E3}.Test|x86.ActiveCfg = Test|Any CPU
		{42E67ADD-8C97-47F4-B3F1-4EC0F49EE19F}.Debug|.NET.ActiveCfg = Debug|Any CPU
		{42E67ADD-8C97-47F4-B3F1-4EC0F49EE19F}.Debug|.NET.Build.0 = Debug|Any CPU
		{42E67ADD-8C97-47F4-B3F1-4EC0F49EE19F}.Debug|Any CPU.ActiveCfg = Debug|Any CPU
		{42E67ADD-8C97-47F4-B3F1-4EC0F49EE19F}.Debug|Any CPU.Build.0 = Debug|Any CPU
		{42E67ADD-8C97-47F4-B3F1-4EC0F49EE19F}.Debug|Mixed Platforms.ActiveCfg = Debug|Any CPU
		{42E67ADD-8C97-47F4-B3F1-4EC0F49EE19F}.Debug|Mixed Platforms.Build.0 = Debug|Any CPU
		{42E67ADD-8C97-47F4-B3F1-4EC0F49EE19F}.Debug|x86.ActiveCfg = Debug|Any CPU
		{42E67ADD-8C97-47F4-B3F1-4EC0F49EE19F}.KdsProd01|.NET.ActiveCfg = KdsProd01|Any CPU
		{42E67ADD-8C97-47F4-B3F1-4EC0F49EE19F}.KdsProd01|.NET.Build.0 = KdsProd01|Any CPU
		{42E67ADD-8C97-47F4-B3F1-4EC0F49EE19F}.KdsProd01|Any CPU.ActiveCfg = KdsProd01|Any CPU
		{42E67ADD-8C97-47F4-B3F1-4EC0F49EE19F}.KdsProd01|Any CPU.Build.0 = KdsProd01|Any CPU
		{42E67ADD-8C97-47F4-B3F1-4EC0F49EE19F}.KdsProd01|Mixed Platforms.ActiveCfg = KdsProd01|Any CPU
		{42E67ADD-8C97-47F4-B3F1-4EC0F49EE19F}.KdsProd01|Mixed Platforms.Build.0 = KdsProd01|Any CPU
		{42E67ADD-8C97-47F4-B3F1-4EC0F49EE19F}.KdsProd01|x86.ActiveCfg = KdsProd01|Any CPU
		{42E67ADD-8C97-47F4-B3F1-4EC0F49EE19F}.KdsProd01|x86.Build.0 = KdsProd01|Any CPU
		{42E67ADD-8C97-47F4-B3F1-4EC0F49EE19F}.KdsProd02|.NET.ActiveCfg = KdsProd02|Any CPU
		{42E67ADD-8C97-47F4-B3F1-4EC0F49EE19F}.KdsProd02|.NET.Build.0 = KdsProd02|Any CPU
		{42E67ADD-8C97-47F4-B3F1-4EC0F49EE19F}.KdsProd02|Any CPU.ActiveCfg = KdsProd02|Any CPU
		{42E67ADD-8C97-47F4-B3F1-4EC0F49EE19F}.KdsProd02|Any CPU.Build.0 = KdsProd02|Any CPU
		{42E67ADD-8C97-47F4-B3F1-4EC0F49EE19F}.KdsProd02|Mixed Platforms.ActiveCfg = KdsProd02|Any CPU
		{42E67ADD-8C97-47F4-B3F1-4EC0F49EE19F}.KdsProd02|Mixed Platforms.Build.0 = KdsProd02|Any CPU
		{42E67ADD-8C97-47F4-B3F1-4EC0F49EE19F}.KdsProd02|x86.ActiveCfg = KdsProd02|Any CPU
		{42E67ADD-8C97-47F4-B3F1-4EC0F49EE19F}.KdsProd02|x86.Build.0 = KdsProd02|Any CPU
		{42E67ADD-8C97-47F4-B3F1-4EC0F49EE19F}.KdsTest|.NET.ActiveCfg = KdsTest|Any CPU
		{42E67ADD-8C97-47F4-B3F1-4EC0F49EE19F}.KdsTest|.NET.Build.0 = KdsTest|Any CPU
		{42E67ADD-8C97-47F4-B3F1-4EC0F49EE19F}.KdsTest|Any CPU.ActiveCfg = KdsTest|Any CPU
		{42E67ADD-8C97-47F4-B3F1-4EC0F49EE19F}.KdsTest|Any CPU.Build.0 = KdsTest|Any CPU
		{42E67ADD-8C97-47F4-B3F1-4EC0F49EE19F}.KdsTest|Mixed Platforms.ActiveCfg = KdsTest|Any CPU
		{42E67ADD-8C97-47F4-B3F1-4EC0F49EE19F}.KdsTest|Mixed Platforms.Build.0 = KdsTest|Any CPU
		{42E67ADD-8C97-47F4-B3F1-4EC0F49EE19F}.KdsTest|x86.ActiveCfg = KdsTest|Any CPU
		{42E67ADD-8C97-47F4-B3F1-4EC0F49EE19F}.KdsTest|x86.Build.0 = KdsTest|Any CPU
		{42E67ADD-8C97-47F4-B3F1-4EC0F49EE19F}.Release|.NET.ActiveCfg = Release|Any CPU
		{42E67ADD-8C97-47F4-B3F1-4EC0F49EE19F}.Release|.NET.Build.0 = Release|Any CPU
		{42E67ADD-8C97-47F4-B3F1-4EC0F49EE19F}.Release|Any CPU.ActiveCfg = Release|Any CPU
		{42E67ADD-8C97-47F4-B3F1-4EC0F49EE19F}.Release|Any CPU.Build.0 = Release|Any CPU
		{42E67ADD-8C97-47F4-B3F1-4EC0F49EE19F}.Release|Mixed Platforms.ActiveCfg = Release|Any CPU
		{42E67ADD-8C97-47F4-B3F1-4EC0F49EE19F}.Release|Mixed Platforms.Build.0 = Release|Any CPU
		{42E67ADD-8C97-47F4-B3F1-4EC0F49EE19F}.Release|x86.ActiveCfg = Release|Any CPU
		{42E67ADD-8C97-47F4-B3F1-4EC0F49EE19F}.Test|.NET.ActiveCfg = Test|Any CPU
		{42E67ADD-8C97-47F4-B3F1-4EC0F49EE19F}.Test|Any CPU.ActiveCfg = Test|Any CPU
		{42E67ADD-8C97-47F4-B3F1-4EC0F49EE19F}.Test|Any CPU.Build.0 = Test|Any CPU
		{42E67ADD-8C97-47F4-B3F1-4EC0F49EE19F}.Test|Mixed Platforms.ActiveCfg = Test|Any CPU
		{42E67ADD-8C97-47F4-B3F1-4EC0F49EE19F}.Test|Mixed Platforms.Build.0 = Test|Any CPU
		{42E67ADD-8C97-47F4-B3F1-4EC0F49EE19F}.Test|x86.ActiveCfg = Test|Any CPU
		{438301FD-7CC1-40FB-A426-EBC716082965}.Debug|.NET.ActiveCfg = Debug|x86
		{438301FD-7CC1-40FB-A426-EBC716082965}.Debug|.NET.Build.0 = Debug|x86
		{438301FD-7CC1-40FB-A426-EBC716082965}.Debug|Any CPU.ActiveCfg = Debug|x86
		{438301FD-7CC1-40FB-A426-EBC716082965}.Debug|Mixed Platforms.ActiveCfg = Debug|x86
		{438301FD-7CC1-40FB-A426-EBC716082965}.Debug|Mixed Platforms.Build.0 = Debug|x86
		{438301FD-7CC1-40FB-A426-EBC716082965}.Debug|x86.ActiveCfg = Debug|x86
		{438301FD-7CC1-40FB-A426-EBC716082965}.Debug|x86.Build.0 = Debug|x86
		{438301FD-7CC1-40FB-A426-EBC716082965}.KdsProd01|.NET.ActiveCfg = KdsProd01|x86
		{438301FD-7CC1-40FB-A426-EBC716082965}.KdsProd01|.NET.Build.0 = KdsProd01|x86
		{438301FD-7CC1-40FB-A426-EBC716082965}.KdsProd01|Any CPU.ActiveCfg = KdsProd01|x86
		{438301FD-7CC1-40FB-A426-EBC716082965}.KdsProd01|Any CPU.Build.0 = KdsProd01|x86
		{438301FD-7CC1-40FB-A426-EBC716082965}.KdsProd01|Mixed Platforms.ActiveCfg = KdsProd01|x86
		{438301FD-7CC1-40FB-A426-EBC716082965}.KdsProd01|Mixed Platforms.Build.0 = KdsProd01|x86
		{438301FD-7CC1-40FB-A426-EBC716082965}.KdsProd01|x86.ActiveCfg = KdsProd01|x86
		{438301FD-7CC1-40FB-A426-EBC716082965}.KdsProd01|x86.Build.0 = KdsProd01|x86
		{438301FD-7CC1-40FB-A426-EBC716082965}.KdsProd02|.NET.ActiveCfg = KdsProd02|x86
		{438301FD-7CC1-40FB-A426-EBC716082965}.KdsProd02|.NET.Build.0 = KdsProd02|x86
		{438301FD-7CC1-40FB-A426-EBC716082965}.KdsProd02|Any CPU.ActiveCfg = KdsProd02|x86
		{438301FD-7CC1-40FB-A426-EBC716082965}.KdsProd02|Mixed Platforms.ActiveCfg = KdsProd02|x86
		{438301FD-7CC1-40FB-A426-EBC716082965}.KdsProd02|Mixed Platforms.Build.0 = KdsProd02|x86
		{438301FD-7CC1-40FB-A426-EBC716082965}.KdsProd02|x86.ActiveCfg = KdsProd02|x86
		{438301FD-7CC1-40FB-A426-EBC716082965}.KdsProd02|x86.Build.0 = KdsProd02|x86
		{438301FD-7CC1-40FB-A426-EBC716082965}.KdsTest|.NET.ActiveCfg = KdsTest|x86
		{438301FD-7CC1-40FB-A426-EBC716082965}.KdsTest|.NET.Build.0 = KdsTest|x86
		{438301FD-7CC1-40FB-A426-EBC716082965}.KdsTest|Any CPU.ActiveCfg = KdsTest|x86
		{438301FD-7CC1-40FB-A426-EBC716082965}.KdsTest|Any CPU.Build.0 = KdsTest|x86
		{438301FD-7CC1-40FB-A426-EBC716082965}.KdsTest|Mixed Platforms.ActiveCfg = KdsTest|x86
		{438301FD-7CC1-40FB-A426-EBC716082965}.KdsTest|Mixed Platforms.Build.0 = KdsTest|x86
		{438301FD-7CC1-40FB-A426-EBC716082965}.KdsTest|x86.ActiveCfg = KdsTest|x86
		{438301FD-7CC1-40FB-A426-EBC716082965}.KdsTest|x86.Build.0 = KdsTest|x86
		{438301FD-7CC1-40FB-A426-EBC716082965}.Release|.NET.ActiveCfg = Release|x86
		{438301FD-7CC1-40FB-A426-EBC716082965}.Release|.NET.Build.0 = Release|x86
		{438301FD-7CC1-40FB-A426-EBC716082965}.Release|Any CPU.ActiveCfg = Release|x86
		{438301FD-7CC1-40FB-A426-EBC716082965}.Release|Mixed Platforms.ActiveCfg = Release|x86
		{438301FD-7CC1-40FB-A426-EBC716082965}.Release|Mixed Platforms.Build.0 = Release|x86
		{438301FD-7CC1-40FB-A426-EBC716082965}.Release|x86.ActiveCfg = Release|x86
		{438301FD-7CC1-40FB-A426-EBC716082965}.Release|x86.Build.0 = Release|x86
		{438301FD-7CC1-40FB-A426-EBC716082965}.Test|.NET.ActiveCfg = Test|x86
		{438301FD-7CC1-40FB-A426-EBC716082965}.Test|Any CPU.ActiveCfg = Test|x86
		{438301FD-7CC1-40FB-A426-EBC716082965}.Test|Mixed Platforms.ActiveCfg = Test|x86
		{438301FD-7CC1-40FB-A426-EBC716082965}.Test|Mixed Platforms.Build.0 = Test|x86
		{438301FD-7CC1-40FB-A426-EBC716082965}.Test|x86.ActiveCfg = Test|x86
		{438301FD-7CC1-40FB-A426-EBC716082965}.Test|x86.Build.0 = Test|x86
		{96AA16AD-DC40-43DF-807D-C1F20ECD7C02}.Debug|.NET.ActiveCfg = Debug|Any CPU
		{96AA16AD-DC40-43DF-807D-C1F20ECD7C02}.Debug|.NET.Build.0 = Debug|Any CPU
		{96AA16AD-DC40-43DF-807D-C1F20ECD7C02}.Debug|Any CPU.ActiveCfg = Debug|Any CPU
		{96AA16AD-DC40-43DF-807D-C1F20ECD7C02}.Debug|Any CPU.Build.0 = Debug|Any CPU
		{96AA16AD-DC40-43DF-807D-C1F20ECD7C02}.Debug|Mixed Platforms.ActiveCfg = Debug|Any CPU
		{96AA16AD-DC40-43DF-807D-C1F20ECD7C02}.Debug|Mixed Platforms.Build.0 = Debug|Any CPU
		{96AA16AD-DC40-43DF-807D-C1F20ECD7C02}.Debug|x86.ActiveCfg = Debug|Any CPU
		{96AA16AD-DC40-43DF-807D-C1F20ECD7C02}.KdsProd01|.NET.ActiveCfg = KdsProd01|Any CPU
		{96AA16AD-DC40-43DF-807D-C1F20ECD7C02}.KdsProd01|.NET.Build.0 = KdsProd01|Any CPU
		{96AA16AD-DC40-43DF-807D-C1F20ECD7C02}.KdsProd01|Any CPU.ActiveCfg = KdsProd01|Any CPU
		{96AA16AD-DC40-43DF-807D-C1F20ECD7C02}.KdsProd01|Any CPU.Build.0 = KdsProd01|Any CPU
		{96AA16AD-DC40-43DF-807D-C1F20ECD7C02}.KdsProd01|Mixed Platforms.ActiveCfg = KdsProd01|Any CPU
		{96AA16AD-DC40-43DF-807D-C1F20ECD7C02}.KdsProd01|Mixed Platforms.Build.0 = KdsProd01|Any CPU
		{96AA16AD-DC40-43DF-807D-C1F20ECD7C02}.KdsProd01|x86.ActiveCfg = KdsProd01|Any CPU
		{96AA16AD-DC40-43DF-807D-C1F20ECD7C02}.KdsProd01|x86.Build.0 = KdsProd01|Any CPU
		{96AA16AD-DC40-43DF-807D-C1F20ECD7C02}.KdsProd02|.NET.ActiveCfg = KdsProd02|Any CPU
		{96AA16AD-DC40-43DF-807D-C1F20ECD7C02}.KdsProd02|.NET.Build.0 = KdsProd02|Any CPU
		{96AA16AD-DC40-43DF-807D-C1F20ECD7C02}.KdsProd02|Any CPU.ActiveCfg = KdsProd02|Any CPU
		{96AA16AD-DC40-43DF-807D-C1F20ECD7C02}.KdsProd02|Any CPU.Build.0 = KdsProd02|Any CPU
		{96AA16AD-DC40-43DF-807D-C1F20ECD7C02}.KdsProd02|Mixed Platforms.ActiveCfg = KdsProd02|Any CPU
		{96AA16AD-DC40-43DF-807D-C1F20ECD7C02}.KdsProd02|Mixed Platforms.Build.0 = KdsProd02|Any CPU
		{96AA16AD-DC40-43DF-807D-C1F20ECD7C02}.KdsProd02|x86.ActiveCfg = KdsProd02|Any CPU
		{96AA16AD-DC40-43DF-807D-C1F20ECD7C02}.KdsProd02|x86.Build.0 = KdsProd02|Any CPU
		{96AA16AD-DC40-43DF-807D-C1F20ECD7C02}.KdsTest|.NET.ActiveCfg = KdsTest|Any CPU
		{96AA16AD-DC40-43DF-807D-C1F20ECD7C02}.KdsTest|.NET.Build.0 = KdsTest|Any CPU
		{96AA16AD-DC40-43DF-807D-C1F20ECD7C02}.KdsTest|Any CPU.ActiveCfg = KdsTest|Any CPU
		{96AA16AD-DC40-43DF-807D-C1F20ECD7C02}.KdsTest|Any CPU.Build.0 = KdsTest|Any CPU
		{96AA16AD-DC40-43DF-807D-C1F20ECD7C02}.KdsTest|Mixed Platforms.ActiveCfg = KdsTest|Any CPU
		{96AA16AD-DC40-43DF-807D-C1F20ECD7C02}.KdsTest|Mixed Platforms.Build.0 = KdsTest|Any CPU
		{96AA16AD-DC40-43DF-807D-C1F20ECD7C02}.KdsTest|x86.ActiveCfg = KdsTest|Any CPU
		{96AA16AD-DC40-43DF-807D-C1F20ECD7C02}.KdsTest|x86.Build.0 = KdsTest|Any CPU
		{96AA16AD-DC40-43DF-807D-C1F20ECD7C02}.Release|.NET.ActiveCfg = Release|Any CPU
		{96AA16AD-DC40-43DF-807D-C1F20ECD7C02}.Release|Any CPU.ActiveCfg = Release|Any CPU
		{96AA16AD-DC40-43DF-807D-C1F20ECD7C02}.Release|Any CPU.Build.0 = Release|Any CPU
		{96AA16AD-DC40-43DF-807D-C1F20ECD7C02}.Release|Mixed Platforms.ActiveCfg = Release|Any CPU
		{96AA16AD-DC40-43DF-807D-C1F20ECD7C02}.Release|Mixed Platforms.Build.0 = Release|Any CPU
		{96AA16AD-DC40-43DF-807D-C1F20ECD7C02}.Release|x86.ActiveCfg = Release|Any CPU
		{96AA16AD-DC40-43DF-807D-C1F20ECD7C02}.Test|.NET.ActiveCfg = Test|Any CPU
		{96AA16AD-DC40-43DF-807D-C1F20ECD7C02}.Test|Any CPU.ActiveCfg = Test|Any CPU
		{96AA16AD-DC40-43DF-807D-C1F20ECD7C02}.Test|Any CPU.Build.0 = Test|Any CPU
		{96AA16AD-DC40-43DF-807D-C1F20ECD7C02}.Test|Mixed Platforms.ActiveCfg = Test|Any CPU
		{96AA16AD-DC40-43DF-807D-C1F20ECD7C02}.Test|Mixed Platforms.Build.0 = Test|Any CPU
		{96AA16AD-DC40-43DF-807D-C1F20ECD7C02}.Test|x86.ActiveCfg = Test|Any CPU
		{1CF6ED40-3036-4B17-AB5A-35F5C265C28C}.Debug|.NET.ActiveCfg = Debug|Any CPU
		{1CF6ED40-3036-4B17-AB5A-35F5C265C28C}.Debug|.NET.Build.0 = Debug|Any CPU
		{1CF6ED40-3036-4B17-AB5A-35F5C265C28C}.Debug|Any CPU.ActiveCfg = Debug|Any CPU
		{1CF6ED40-3036-4B17-AB5A-35F5C265C28C}.Debug|Any CPU.Build.0 = Debug|Any CPU
		{1CF6ED40-3036-4B17-AB5A-35F5C265C28C}.Debug|Mixed Platforms.ActiveCfg = Debug|Any CPU
		{1CF6ED40-3036-4B17-AB5A-35F5C265C28C}.Debug|Mixed Platforms.Build.0 = Debug|Any CPU
		{1CF6ED40-3036-4B17-AB5A-35F5C265C28C}.Debug|x86.ActiveCfg = Debug|Any CPU
		{1CF6ED40-3036-4B17-AB5A-35F5C265C28C}.KdsProd01|.NET.ActiveCfg = KdsProd01|Any CPU
		{1CF6ED40-3036-4B17-AB5A-35F5C265C28C}.KdsProd01|.NET.Build.0 = KdsProd01|Any CPU
		{1CF6ED40-3036-4B17-AB5A-35F5C265C28C}.KdsProd01|Any CPU.ActiveCfg = KdsProd01|Any CPU
		{1CF6ED40-3036-4B17-AB5A-35F5C265C28C}.KdsProd01|Any CPU.Build.0 = KdsProd01|Any CPU
		{1CF6ED40-3036-4B17-AB5A-35F5C265C28C}.KdsProd01|Mixed Platforms.ActiveCfg = KdsProd01|Any CPU
		{1CF6ED40-3036-4B17-AB5A-35F5C265C28C}.KdsProd01|Mixed Platforms.Build.0 = KdsProd01|Any CPU
		{1CF6ED40-3036-4B17-AB5A-35F5C265C28C}.KdsProd01|x86.ActiveCfg = KdsProd01|Any CPU
		{1CF6ED40-3036-4B17-AB5A-35F5C265C28C}.KdsProd01|x86.Build.0 = KdsProd01|Any CPU
		{1CF6ED40-3036-4B17-AB5A-35F5C265C28C}.KdsProd02|.NET.ActiveCfg = KdsProd02|Any CPU
		{1CF6ED40-3036-4B17-AB5A-35F5C265C28C}.KdsProd02|.NET.Build.0 = KdsProd02|Any CPU
		{1CF6ED40-3036-4B17-AB5A-35F5C265C28C}.KdsProd02|Any CPU.ActiveCfg = KdsProd02|Any CPU
		{1CF6ED40-3036-4B17-AB5A-35F5C265C28C}.KdsProd02|Any CPU.Build.0 = KdsProd02|Any CPU
		{1CF6ED40-3036-4B17-AB5A-35F5C265C28C}.KdsProd02|Mixed Platforms.ActiveCfg = KdsProd02|Any CPU
		{1CF6ED40-3036-4B17-AB5A-35F5C265C28C}.KdsProd02|Mixed Platforms.Build.0 = KdsProd02|Any CPU
		{1CF6ED40-3036-4B17-AB5A-35F5C265C28C}.KdsProd02|x86.ActiveCfg = KdsProd02|Any CPU
		{1CF6ED40-3036-4B17-AB5A-35F5C265C28C}.KdsProd02|x86.Build.0 = KdsProd02|Any CPU
		{1CF6ED40-3036-4B17-AB5A-35F5C265C28C}.KdsTest|.NET.ActiveCfg = KdsTest|Any CPU
		{1CF6ED40-3036-4B17-AB5A-35F5C265C28C}.KdsTest|.NET.Build.0 = KdsTest|Any CPU
		{1CF6ED40-3036-4B17-AB5A-35F5C265C28C}.KdsTest|Any CPU.ActiveCfg = KdsTest|Any CPU
		{1CF6ED40-3036-4B17-AB5A-35F5C265C28C}.KdsTest|Any CPU.Build.0 = KdsTest|Any CPU
		{1CF6ED40-3036-4B17-AB5A-35F5C265C28C}.KdsTest|Mixed Platforms.ActiveCfg = KdsTest|Any CPU
		{1CF6ED40-3036-4B17-AB5A-35F5C265C28C}.KdsTest|Mixed Platforms.Build.0 = KdsTest|Any CPU
		{1CF6ED40-3036-4B17-AB5A-35F5C265C28C}.KdsTest|x86.ActiveCfg = KdsTest|Any CPU
		{1CF6ED40-3036-4B17-AB5A-35F5C265C28C}.KdsTest|x86.Build.0 = KdsTest|Any CPU
		{1CF6ED40-3036-4B17-AB5A-35F5C265C28C}.Release|.NET.ActiveCfg = Release|Any CPU
		{1CF6ED40-3036-4B17-AB5A-35F5C265C28C}.Release|Any CPU.ActiveCfg = Release|Any CPU
		{1CF6ED40-3036-4B17-AB5A-35F5C265C28C}.Release|Any CPU.Build.0 = Release|Any CPU
		{1CF6ED40-3036-4B17-AB5A-35F5C265C28C}.Release|Mixed Platforms.ActiveCfg = Release|Any CPU
		{1CF6ED40-3036-4B17-AB5A-35F5C265C28C}.Release|Mixed Platforms.Build.0 = Release|Any CPU
		{1CF6ED40-3036-4B17-AB5A-35F5C265C28C}.Release|x86.ActiveCfg = Release|Any CPU
		{1CF6ED40-3036-4B17-AB5A-35F5C265C28C}.Test|.NET.ActiveCfg = Test|Any CPU
		{1CF6ED40-3036-4B17-AB5A-35F5C265C28C}.Test|Any CPU.ActiveCfg = Test|Any CPU
		{1CF6ED40-3036-4B17-AB5A-35F5C265C28C}.Test|Any CPU.Build.0 = Test|Any CPU
		{1CF6ED40-3036-4B17-AB5A-35F5C265C28C}.Test|Mixed Platforms.ActiveCfg = Test|Any CPU
		{1CF6ED40-3036-4B17-AB5A-35F5C265C28C}.Test|Mixed Platforms.Build.0 = Test|Any CPU
		{1CF6ED40-3036-4B17-AB5A-35F5C265C28C}.Test|x86.ActiveCfg = Test|Any CPU
		{F2F12CC6-7B61-4B62-A364-CF1E132D2BF9}.Debug|.NET.ActiveCfg = Debug|Any CPU
		{F2F12CC6-7B61-4B62-A364-CF1E132D2BF9}.Debug|.NET.Build.0 = Debug|Any CPU
		{F2F12CC6-7B61-4B62-A364-CF1E132D2BF9}.Debug|Any CPU.ActiveCfg = Debug|Any CPU
		{F2F12CC6-7B61-4B62-A364-CF1E132D2BF9}.Debug|Any CPU.Build.0 = Debug|Any CPU
		{F2F12CC6-7B61-4B62-A364-CF1E132D2BF9}.Debug|Mixed Platforms.ActiveCfg = Debug|Any CPU
		{F2F12CC6-7B61-4B62-A364-CF1E132D2BF9}.Debug|Mixed Platforms.Build.0 = Debug|Any CPU
		{F2F12CC6-7B61-4B62-A364-CF1E132D2BF9}.Debug|x86.ActiveCfg = Debug|Any CPU
		{F2F12CC6-7B61-4B62-A364-CF1E132D2BF9}.KdsProd01|.NET.ActiveCfg = KdsProd01|Any CPU
		{F2F12CC6-7B61-4B62-A364-CF1E132D2BF9}.KdsProd01|.NET.Build.0 = KdsProd01|Any CPU
		{F2F12CC6-7B61-4B62-A364-CF1E132D2BF9}.KdsProd01|Any CPU.ActiveCfg = KdsProd01|Any CPU
		{F2F12CC6-7B61-4B62-A364-CF1E132D2BF9}.KdsProd01|Any CPU.Build.0 = KdsProd01|Any CPU
		{F2F12CC6-7B61-4B62-A364-CF1E132D2BF9}.KdsProd01|Mixed Platforms.ActiveCfg = KdsProd01|Any CPU
		{F2F12CC6-7B61-4B62-A364-CF1E132D2BF9}.KdsProd01|Mixed Platforms.Build.0 = KdsProd01|Any CPU
		{F2F12CC6-7B61-4B62-A364-CF1E132D2BF9}.KdsProd01|x86.ActiveCfg = KdsProd01|Any CPU
		{F2F12CC6-7B61-4B62-A364-CF1E132D2BF9}.KdsProd01|x86.Build.0 = KdsProd01|Any CPU
		{F2F12CC6-7B61-4B62-A364-CF1E132D2BF9}.KdsProd02|.NET.ActiveCfg = KdsProd02|Any CPU
		{F2F12CC6-7B61-4B62-A364-CF1E132D2BF9}.KdsProd02|.NET.Build.0 = KdsProd02|Any CPU
		{F2F12CC6-7B61-4B62-A364-CF1E132D2BF9}.KdsProd02|Any CPU.ActiveCfg = KdsProd02|Any CPU
		{F2F12CC6-7B61-4B62-A364-CF1E132D2BF9}.KdsProd02|Any CPU.Build.0 = KdsProd02|Any CPU
		{F2F12CC6-7B61-4B62-A364-CF1E132D2BF9}.KdsProd02|Mixed Platforms.ActiveCfg = KdsProd02|Any CPU
		{F2F12CC6-7B61-4B62-A364-CF1E132D2BF9}.KdsProd02|Mixed Platforms.Build.0 = KdsProd02|Any CPU
		{F2F12CC6-7B61-4B62-A364-CF1E132D2BF9}.KdsProd02|x86.ActiveCfg = KdsProd02|Any CPU
		{F2F12CC6-7B61-4B62-A364-CF1E132D2BF9}.KdsProd02|x86.Build.0 = KdsProd02|Any CPU
		{F2F12CC6-7B61-4B62-A364-CF1E132D2BF9}.KdsProd02|x86.Deploy.0 = KdsProd02|Any CPU
		{F2F12CC6-7B61-4B62-A364-CF1E132D2BF9}.KdsTest|.NET.ActiveCfg = KdsTest|Any CPU
		{F2F12CC6-7B61-4B62-A364-CF1E132D2BF9}.KdsTest|.NET.Build.0 = KdsTest|Any CPU
		{F2F12CC6-7B61-4B62-A364-CF1E132D2BF9}.KdsTest|Any CPU.ActiveCfg = KdsTest|Any CPU
		{F2F12CC6-7B61-4B62-A364-CF1E132D2BF9}.KdsTest|Any CPU.Build.0 = KdsTest|Any CPU
		{F2F12CC6-7B61-4B62-A364-CF1E132D2BF9}.KdsTest|Mixed Platforms.ActiveCfg = KdsTest|Any CPU
		{F2F12CC6-7B61-4B62-A364-CF1E132D2BF9}.KdsTest|Mixed Platforms.Build.0 = KdsTest|Any CPU
		{F2F12CC6-7B61-4B62-A364-CF1E132D2BF9}.KdsTest|x86.ActiveCfg = KdsTest|Any CPU
		{F2F12CC6-7B61-4B62-A364-CF1E132D2BF9}.KdsTest|x86.Build.0 = KdsTest|Any CPU
		{F2F12CC6-7B61-4B62-A364-CF1E132D2BF9}.Release|.NET.ActiveCfg = Release|Any CPU
		{F2F12CC6-7B61-4B62-A364-CF1E132D2BF9}.Release|Any CPU.ActiveCfg = Release|Any CPU
		{F2F12CC6-7B61-4B62-A364-CF1E132D2BF9}.Release|Any CPU.Build.0 = Release|Any CPU
		{F2F12CC6-7B61-4B62-A364-CF1E132D2BF9}.Release|Mixed Platforms.ActiveCfg = Release|Any CPU
		{F2F12CC6-7B61-4B62-A364-CF1E132D2BF9}.Release|Mixed Platforms.Build.0 = Release|Any CPU
		{F2F12CC6-7B61-4B62-A364-CF1E132D2BF9}.Release|x86.ActiveCfg = Release|Any CPU
		{F2F12CC6-7B61-4B62-A364-CF1E132D2BF9}.Test|.NET.ActiveCfg = Test|Any CPU
		{F2F12CC6-7B61-4B62-A364-CF1E132D2BF9}.Test|Any CPU.ActiveCfg = Test|Any CPU
		{F2F12CC6-7B61-4B62-A364-CF1E132D2BF9}.Test|Any CPU.Build.0 = Test|Any CPU
		{F2F12CC6-7B61-4B62-A364-CF1E132D2BF9}.Test|Mixed Platforms.ActiveCfg = Test|Any CPU
		{F2F12CC6-7B61-4B62-A364-CF1E132D2BF9}.Test|Mixed Platforms.Build.0 = Test|Any CPU
		{F2F12CC6-7B61-4B62-A364-CF1E132D2BF9}.Test|x86.ActiveCfg = Test|Any CPU
		{99802F09-7707-4AE2-8120-7F2DAAF871D7}.Debug|.NET.ActiveCfg = Debug|Any CPU
		{99802F09-7707-4AE2-8120-7F2DAAF871D7}.Debug|.NET.Build.0 = Debug|Any CPU
		{99802F09-7707-4AE2-8120-7F2DAAF871D7}.Debug|Any CPU.ActiveCfg = Debug|Any CPU
		{99802F09-7707-4AE2-8120-7F2DAAF871D7}.Debug|Any CPU.Build.0 = Debug|Any CPU
		{99802F09-7707-4AE2-8120-7F2DAAF871D7}.Debug|Mixed Platforms.ActiveCfg = Debug|Any CPU
		{99802F09-7707-4AE2-8120-7F2DAAF871D7}.Debug|Mixed Platforms.Build.0 = Debug|Any CPU
		{99802F09-7707-4AE2-8120-7F2DAAF871D7}.Debug|x86.ActiveCfg = Debug|Any CPU
		{99802F09-7707-4AE2-8120-7F2DAAF871D7}.KdsProd01|.NET.ActiveCfg = KdsProd01|Any CPU
		{99802F09-7707-4AE2-8120-7F2DAAF871D7}.KdsProd01|.NET.Build.0 = KdsProd01|Any CPU
		{99802F09-7707-4AE2-8120-7F2DAAF871D7}.KdsProd01|Any CPU.ActiveCfg = KdsProd01|Any CPU
		{99802F09-7707-4AE2-8120-7F2DAAF871D7}.KdsProd01|Any CPU.Build.0 = KdsProd01|Any CPU
		{99802F09-7707-4AE2-8120-7F2DAAF871D7}.KdsProd01|Mixed Platforms.ActiveCfg = KdsProd01|Any CPU
		{99802F09-7707-4AE2-8120-7F2DAAF871D7}.KdsProd01|Mixed Platforms.Build.0 = KdsProd01|Any CPU
		{99802F09-7707-4AE2-8120-7F2DAAF871D7}.KdsProd01|x86.ActiveCfg = KdsProd01|Any CPU
		{99802F09-7707-4AE2-8120-7F2DAAF871D7}.KdsProd01|x86.Build.0 = KdsProd01|Any CPU
		{99802F09-7707-4AE2-8120-7F2DAAF871D7}.KdsProd02|.NET.ActiveCfg = KdsProd02|Any CPU
		{99802F09-7707-4AE2-8120-7F2DAAF871D7}.KdsProd02|.NET.Build.0 = KdsProd02|Any CPU
		{99802F09-7707-4AE2-8120-7F2DAAF871D7}.KdsProd02|Any CPU.ActiveCfg = KdsProd02|Any CPU
		{99802F09-7707-4AE2-8120-7F2DAAF871D7}.KdsProd02|Any CPU.Build.0 = KdsProd02|Any CPU
		{99802F09-7707-4AE2-8120-7F2DAAF871D7}.KdsProd02|Mixed Platforms.ActiveCfg = KdsProd02|Any CPU
		{99802F09-7707-4AE2-8120-7F2DAAF871D7}.KdsProd02|Mixed Platforms.Build.0 = KdsProd02|Any CPU
		{99802F09-7707-4AE2-8120-7F2DAAF871D7}.KdsProd02|x86.ActiveCfg = KdsProd02|Any CPU
		{99802F09-7707-4AE2-8120-7F2DAAF871D7}.KdsProd02|x86.Build.0 = KdsProd02|Any CPU
		{99802F09-7707-4AE2-8120-7F2DAAF871D7}.KdsTest|.NET.ActiveCfg = KdsTest|Any CPU
		{99802F09-7707-4AE2-8120-7F2DAAF871D7}.KdsTest|.NET.Build.0 = KdsTest|Any CPU
		{99802F09-7707-4AE2-8120-7F2DAAF871D7}.KdsTest|Any CPU.ActiveCfg = KdsTest|Any CPU
		{99802F09-7707-4AE2-8120-7F2DAAF871D7}.KdsTest|Any CPU.Build.0 = KdsTest|Any CPU
		{99802F09-7707-4AE2-8120-7F2DAAF871D7}.KdsTest|Mixed Platforms.ActiveCfg = KdsTest|Any CPU
		{99802F09-7707-4AE2-8120-7F2DAAF871D7}.KdsTest|Mixed Platforms.Build.0 = KdsTest|Any CPU
		{99802F09-7707-4AE2-8120-7F2DAAF871D7}.KdsTest|x86.ActiveCfg = KdsTest|Any CPU
		{99802F09-7707-4AE2-8120-7F2DAAF871D7}.KdsTest|x86.Build.0 = KdsTest|Any CPU
		{99802F09-7707-4AE2-8120-7F2DAAF871D7}.Release|.NET.ActiveCfg = Release|Any CPU
		{99802F09-7707-4AE2-8120-7F2DAAF871D7}.Release|Any CPU.ActiveCfg = Release|Any CPU
		{99802F09-7707-4AE2-8120-7F2DAAF871D7}.Release|Any CPU.Build.0 = Release|Any CPU
		{99802F09-7707-4AE2-8120-7F2DAAF871D7}.Release|Mixed Platforms.ActiveCfg = Release|Any CPU
		{99802F09-7707-4AE2-8120-7F2DAAF871D7}.Release|Mixed Platforms.Build.0 = Release|Any CPU
		{99802F09-7707-4AE2-8120-7F2DAAF871D7}.Release|x86.ActiveCfg = Release|Any CPU
		{99802F09-7707-4AE2-8120-7F2DAAF871D7}.Test|.NET.ActiveCfg = Test|Any CPU
		{99802F09-7707-4AE2-8120-7F2DAAF871D7}.Test|Any CPU.ActiveCfg = Test|Any CPU
		{99802F09-7707-4AE2-8120-7F2DAAF871D7}.Test|Any CPU.Build.0 = Test|Any CPU
		{99802F09-7707-4AE2-8120-7F2DAAF871D7}.Test|Mixed Platforms.ActiveCfg = Test|Any CPU
		{99802F09-7707-4AE2-8120-7F2DAAF871D7}.Test|Mixed Platforms.Build.0 = Test|Any CPU
		{99802F09-7707-4AE2-8120-7F2DAAF871D7}.Test|x86.ActiveCfg = Test|Any CPU
		{6EC931D1-0935-49F4-8A12-331CA207C256}.Debug|.NET.ActiveCfg = Debug|Any CPU
		{6EC931D1-0935-49F4-8A12-331CA207C256}.Debug|.NET.Build.0 = Debug|Any CPU
		{6EC931D1-0935-49F4-8A12-331CA207C256}.Debug|Any CPU.ActiveCfg = Debug|Any CPU
		{6EC931D1-0935-49F4-8A12-331CA207C256}.Debug|Any CPU.Build.0 = Debug|Any CPU
		{6EC931D1-0935-49F4-8A12-331CA207C256}.Debug|Mixed Platforms.ActiveCfg = Debug|Any CPU
		{6EC931D1-0935-49F4-8A12-331CA207C256}.Debug|Mixed Platforms.Build.0 = Debug|Any CPU
		{6EC931D1-0935-49F4-8A12-331CA207C256}.Debug|x86.ActiveCfg = Debug|Any CPU
		{6EC931D1-0935-49F4-8A12-331CA207C256}.KdsProd01|.NET.ActiveCfg = KdsProd01|Any CPU
		{6EC931D1-0935-49F4-8A12-331CA207C256}.KdsProd01|.NET.Build.0 = KdsProd01|Any CPU
		{6EC931D1-0935-49F4-8A12-331CA207C256}.KdsProd01|Any CPU.ActiveCfg = KdsProd01|Any CPU
		{6EC931D1-0935-49F4-8A12-331CA207C256}.KdsProd01|Any CPU.Build.0 = KdsProd01|Any CPU
		{6EC931D1-0935-49F4-8A12-331CA207C256}.KdsProd01|Mixed Platforms.ActiveCfg = KdsProd01|Any CPU
		{6EC931D1-0935-49F4-8A12-331CA207C256}.KdsProd01|Mixed Platforms.Build.0 = KdsProd01|Any CPU
		{6EC931D1-0935-49F4-8A12-331CA207C256}.KdsProd01|x86.ActiveCfg = KdsProd01|Any CPU
		{6EC931D1-0935-49F4-8A12-331CA207C256}.KdsProd01|x86.Build.0 = KdsProd01|Any CPU
		{6EC931D1-0935-49F4-8A12-331CA207C256}.KdsProd02|.NET.ActiveCfg = KdsProd02|Any CPU
		{6EC931D1-0935-49F4-8A12-331CA207C256}.KdsProd02|.NET.Build.0 = KdsProd02|Any CPU
		{6EC931D1-0935-49F4-8A12-331CA207C256}.KdsProd02|Any CPU.ActiveCfg = KdsProd02|Any CPU
		{6EC931D1-0935-49F4-8A12-331CA207C256}.KdsProd02|Any CPU.Build.0 = KdsProd02|Any CPU
		{6EC931D1-0935-49F4-8A12-331CA207C256}.KdsProd02|Mixed Platforms.ActiveCfg = KdsProd02|Any CPU
		{6EC931D1-0935-49F4-8A12-331CA207C256}.KdsProd02|Mixed Platforms.Build.0 = KdsProd02|Any CPU
		{6EC931D1-0935-49F4-8A12-331CA207C256}.KdsProd02|x86.ActiveCfg = KdsProd02|Any CPU
		{6EC931D1-0935-49F4-8A12-331CA207C256}.KdsProd02|x86.Build.0 = KdsProd02|Any CPU
		{6EC931D1-0935-49F4-8A12-331CA207C256}.KdsTest|.NET.ActiveCfg = KdsTest|Any CPU
		{6EC931D1-0935-49F4-8A12-331CA207C256}.KdsTest|.NET.Build.0 = KdsTest|Any CPU
		{6EC931D1-0935-49F4-8A12-331CA207C256}.KdsTest|Any CPU.ActiveCfg = KdsTest|Any CPU
		{6EC931D1-0935-49F4-8A12-331CA207C256}.KdsTest|Any CPU.Build.0 = KdsTest|Any CPU
		{6EC931D1-0935-49F4-8A12-331CA207C256}.KdsTest|Mixed Platforms.ActiveCfg = KdsTest|Any CPU
		{6EC931D1-0935-49F4-8A12-331CA207C256}.KdsTest|Mixed Platforms.Build.0 = KdsTest|Any CPU
		{6EC931D1-0935-49F4-8A12-331CA207C256}.KdsTest|x86.ActiveCfg = KdsTest|Any CPU
		{6EC931D1-0935-49F4-8A12-331CA207C256}.KdsTest|x86.Build.0 = KdsTest|Any CPU
		{6EC931D1-0935-49F4-8A12-331CA207C256}.Release|.NET.ActiveCfg = Release|Any CPU
		{6EC931D1-0935-49F4-8A12-331CA207C256}.Release|Any CPU.ActiveCfg = Release|Any CPU
		{6EC931D1-0935-49F4-8A12-331CA207C256}.Release|Any CPU.Build.0 = Release|Any CPU
		{6EC931D1-0935-49F4-8A12-331CA207C256}.Release|Mixed Platforms.ActiveCfg = Release|Any CPU
		{6EC931D1-0935-49F4-8A12-331CA207C256}.Release|Mixed Platforms.Build.0 = Release|Any CPU
		{6EC931D1-0935-49F4-8A12-331CA207C256}.Release|x86.ActiveCfg = Release|Any CPU
		{6EC931D1-0935-49F4-8A12-331CA207C256}.Test|.NET.ActiveCfg = Test|Any CPU
		{6EC931D1-0935-49F4-8A12-331CA207C256}.Test|Any CPU.ActiveCfg = Test|Any CPU
		{6EC931D1-0935-49F4-8A12-331CA207C256}.Test|Any CPU.Build.0 = Test|Any CPU
		{6EC931D1-0935-49F4-8A12-331CA207C256}.Test|Mixed Platforms.ActiveCfg = Test|Any CPU
		{6EC931D1-0935-49F4-8A12-331CA207C256}.Test|Mixed Platforms.Build.0 = Test|Any CPU
		{6EC931D1-0935-49F4-8A12-331CA207C256}.Test|x86.ActiveCfg = Test|Any CPU
		{BA5C4914-3D29-4B2B-83AF-D43389DFED17}.Debug|.NET.ActiveCfg = Debug|Any CPU
		{BA5C4914-3D29-4B2B-83AF-D43389DFED17}.Debug|.NET.Build.0 = Debug|Any CPU
		{BA5C4914-3D29-4B2B-83AF-D43389DFED17}.Debug|Any CPU.ActiveCfg = Debug|Any CPU
		{BA5C4914-3D29-4B2B-83AF-D43389DFED17}.Debug|Any CPU.Build.0 = Debug|Any CPU
		{BA5C4914-3D29-4B2B-83AF-D43389DFED17}.Debug|Mixed Platforms.ActiveCfg = Debug|Any CPU
		{BA5C4914-3D29-4B2B-83AF-D43389DFED17}.Debug|Mixed Platforms.Build.0 = Debug|Any CPU
		{BA5C4914-3D29-4B2B-83AF-D43389DFED17}.Debug|x86.ActiveCfg = Debug|Any CPU
		{BA5C4914-3D29-4B2B-83AF-D43389DFED17}.KdsProd01|.NET.ActiveCfg = KdsProd01|Any CPU
		{BA5C4914-3D29-4B2B-83AF-D43389DFED17}.KdsProd01|.NET.Build.0 = KdsProd01|Any CPU
		{BA5C4914-3D29-4B2B-83AF-D43389DFED17}.KdsProd01|Any CPU.ActiveCfg = KdsProd01|Any CPU
		{BA5C4914-3D29-4B2B-83AF-D43389DFED17}.KdsProd01|Any CPU.Build.0 = KdsProd01|Any CPU
		{BA5C4914-3D29-4B2B-83AF-D43389DFED17}.KdsProd01|Mixed Platforms.ActiveCfg = KdsProd01|Any CPU
		{BA5C4914-3D29-4B2B-83AF-D43389DFED17}.KdsProd01|Mixed Platforms.Build.0 = KdsProd01|Any CPU
		{BA5C4914-3D29-4B2B-83AF-D43389DFED17}.KdsProd01|x86.ActiveCfg = KdsProd01|Any CPU
		{BA5C4914-3D29-4B2B-83AF-D43389DFED17}.KdsProd01|x86.Build.0 = KdsProd01|Any CPU
		{BA5C4914-3D29-4B2B-83AF-D43389DFED17}.KdsProd02|.NET.ActiveCfg = KdsProd02|Any CPU
		{BA5C4914-3D29-4B2B-83AF-D43389DFED17}.KdsProd02|.NET.Build.0 = KdsProd02|Any CPU
		{BA5C4914-3D29-4B2B-83AF-D43389DFED17}.KdsProd02|Any CPU.ActiveCfg = KdsProd02|Any CPU
		{BA5C4914-3D29-4B2B-83AF-D43389DFED17}.KdsProd02|Any CPU.Build.0 = KdsProd02|Any CPU
		{BA5C4914-3D29-4B2B-83AF-D43389DFED17}.KdsProd02|Mixed Platforms.ActiveCfg = KdsProd02|Any CPU
		{BA5C4914-3D29-4B2B-83AF-D43389DFED17}.KdsProd02|Mixed Platforms.Build.0 = KdsProd02|Any CPU
		{BA5C4914-3D29-4B2B-83AF-D43389DFED17}.KdsProd02|x86.ActiveCfg = KdsProd02|Any CPU
		{BA5C4914-3D29-4B2B-83AF-D43389DFED17}.KdsProd02|x86.Build.0 = KdsProd02|Any CPU
		{BA5C4914-3D29-4B2B-83AF-D43389DFED17}.KdsTest|.NET.ActiveCfg = KdsTest|Any CPU
		{BA5C4914-3D29-4B2B-83AF-D43389DFED17}.KdsTest|.NET.Build.0 = KdsTest|Any CPU
		{BA5C4914-3D29-4B2B-83AF-D43389DFED17}.KdsTest|Any CPU.ActiveCfg = KdsTest|Any CPU
		{BA5C4914-3D29-4B2B-83AF-D43389DFED17}.KdsTest|Any CPU.Build.0 = KdsTest|Any CPU
		{BA5C4914-3D29-4B2B-83AF-D43389DFED17}.KdsTest|Mixed Platforms.ActiveCfg = KdsTest|Any CPU
		{BA5C4914-3D29-4B2B-83AF-D43389DFED17}.KdsTest|Mixed Platforms.Build.0 = KdsTest|Any CPU
		{BA5C4914-3D29-4B2B-83AF-D43389DFED17}.KdsTest|x86.ActiveCfg = KdsTest|Any CPU
		{BA5C4914-3D29-4B2B-83AF-D43389DFED17}.KdsTest|x86.Build.0 = KdsTest|Any CPU
		{BA5C4914-3D29-4B2B-83AF-D43389DFED17}.Release|.NET.ActiveCfg = Release|Any CPU
		{BA5C4914-3D29-4B2B-83AF-D43389DFED17}.Release|Any CPU.ActiveCfg = Release|Any CPU
		{BA5C4914-3D29-4B2B-83AF-D43389DFED17}.Release|Any CPU.Build.0 = Release|Any CPU
		{BA5C4914-3D29-4B2B-83AF-D43389DFED17}.Release|Mixed Platforms.ActiveCfg = Release|Any CPU
		{BA5C4914-3D29-4B2B-83AF-D43389DFED17}.Release|Mixed Platforms.Build.0 = Release|Any CPU
		{BA5C4914-3D29-4B2B-83AF-D43389DFED17}.Release|x86.ActiveCfg = Release|Any CPU
		{BA5C4914-3D29-4B2B-83AF-D43389DFED17}.Test|.NET.ActiveCfg = Test|Any CPU
		{BA5C4914-3D29-4B2B-83AF-D43389DFED17}.Test|Any CPU.ActiveCfg = Test|Any CPU
		{BA5C4914-3D29-4B2B-83AF-D43389DFED17}.Test|Any CPU.Build.0 = Test|Any CPU
		{BA5C4914-3D29-4B2B-83AF-D43389DFED17}.Test|Mixed Platforms.ActiveCfg = Test|Any CPU
		{BA5C4914-3D29-4B2B-83AF-D43389DFED17}.Test|Mixed Platforms.Build.0 = Test|Any CPU
		{BA5C4914-3D29-4B2B-83AF-D43389DFED17}.Test|x86.ActiveCfg = Test|Any CPU
		{FD6ABF10-65F1-4091-A046-31681A93D563}.Debug|.NET.ActiveCfg = Debug|Any CPU
		{FD6ABF10-65F1-4091-A046-31681A93D563}.Debug|.NET.Build.0 = Debug|Any CPU
		{FD6ABF10-65F1-4091-A046-31681A93D563}.Debug|Any CPU.ActiveCfg = Debug|Any CPU
		{FD6ABF10-65F1-4091-A046-31681A93D563}.Debug|Any CPU.Build.0 = Debug|Any CPU
		{FD6ABF10-65F1-4091-A046-31681A93D563}.Debug|Mixed Platforms.ActiveCfg = Debug|Any CPU
		{FD6ABF10-65F1-4091-A046-31681A93D563}.Debug|Mixed Platforms.Build.0 = Debug|Any CPU
		{FD6ABF10-65F1-4091-A046-31681A93D563}.Debug|x86.ActiveCfg = Debug|Any CPU
		{FD6ABF10-65F1-4091-A046-31681A93D563}.KdsProd01|.NET.ActiveCfg = KdsProd01|Any CPU
		{FD6ABF10-65F1-4091-A046-31681A93D563}.KdsProd01|.NET.Build.0 = KdsProd01|Any CPU
		{FD6ABF10-65F1-4091-A046-31681A93D563}.KdsProd01|Any CPU.ActiveCfg = KdsProd01|Any CPU
		{FD6ABF10-65F1-4091-A046-31681A93D563}.KdsProd01|Any CPU.Build.0 = KdsProd01|Any CPU
		{FD6ABF10-65F1-4091-A046-31681A93D563}.KdsProd01|Mixed Platforms.ActiveCfg = KdsProd01|Any CPU
		{FD6ABF10-65F1-4091-A046-31681A93D563}.KdsProd01|Mixed Platforms.Build.0 = KdsProd01|Any CPU
		{FD6ABF10-65F1-4091-A046-31681A93D563}.KdsProd01|x86.ActiveCfg = KdsProd01|Any CPU
		{FD6ABF10-65F1-4091-A046-31681A93D563}.KdsProd01|x86.Build.0 = KdsProd01|Any CPU
		{FD6ABF10-65F1-4091-A046-31681A93D563}.KdsProd02|.NET.ActiveCfg = KdsProd02|Any CPU
		{FD6ABF10-65F1-4091-A046-31681A93D563}.KdsProd02|.NET.Build.0 = KdsProd02|Any CPU
		{FD6ABF10-65F1-4091-A046-31681A93D563}.KdsProd02|Any CPU.ActiveCfg = KdsProd02|Any CPU
		{FD6ABF10-65F1-4091-A046-31681A93D563}.KdsProd02|Any CPU.Build.0 = KdsProd02|Any CPU
		{FD6ABF10-65F1-4091-A046-31681A93D563}.KdsProd02|Mixed Platforms.ActiveCfg = KdsProd02|Any CPU
		{FD6ABF10-65F1-4091-A046-31681A93D563}.KdsProd02|Mixed Platforms.Build.0 = KdsProd02|Any CPU
		{FD6ABF10-65F1-4091-A046-31681A93D563}.KdsProd02|x86.ActiveCfg = KdsProd02|Any CPU
		{FD6ABF10-65F1-4091-A046-31681A93D563}.KdsProd02|x86.Build.0 = KdsProd02|Any CPU
		{FD6ABF10-65F1-4091-A046-31681A93D563}.KdsTest|.NET.ActiveCfg = KdsTest|Any CPU
		{FD6ABF10-65F1-4091-A046-31681A93D563}.KdsTest|.NET.Build.0 = KdsTest|Any CPU
		{FD6ABF10-65F1-4091-A046-31681A93D563}.KdsTest|Any CPU.ActiveCfg = KdsTest|Any CPU
		{FD6ABF10-65F1-4091-A046-31681A93D563}.KdsTest|Any CPU.Build.0 = KdsTest|Any CPU
		{FD6ABF10-65F1-4091-A046-31681A93D563}.KdsTest|Mixed Platforms.ActiveCfg = KdsTest|Any CPU
		{FD6ABF10-65F1-4091-A046-31681A93D563}.KdsTest|Mixed Platforms.Build.0 = KdsTest|Any CPU
		{FD6ABF10-65F1-4091-A046-31681A93D563}.KdsTest|x86.ActiveCfg = KdsTest|Any CPU
		{FD6ABF10-65F1-4091-A046-31681A93D563}.KdsTest|x86.Build.0 = KdsTest|Any CPU
		{FD6ABF10-65F1-4091-A046-31681A93D563}.Release|.NET.ActiveCfg = Release|Any CPU
		{FD6ABF10-65F1-4091-A046-31681A93D563}.Release|Any CPU.ActiveCfg = Release|Any CPU
		{FD6ABF10-65F1-4091-A046-31681A93D563}.Release|Any CPU.Build.0 = Release|Any CPU
		{FD6ABF10-65F1-4091-A046-31681A93D563}.Release|Mixed Platforms.ActiveCfg = Release|Any CPU
		{FD6ABF10-65F1-4091-A046-31681A93D563}.Release|Mixed Platforms.Build.0 = Release|Any CPU
		{FD6ABF10-65F1-4091-A046-31681A93D563}.Release|x86.ActiveCfg = Release|Any CPU
		{FD6ABF10-65F1-4091-A046-31681A93D563}.Test|.NET.ActiveCfg = Test|Any CPU
		{FD6ABF10-65F1-4091-A046-31681A93D563}.Test|Any CPU.ActiveCfg = Test|Any CPU
		{FD6ABF10-65F1-4091-A046-31681A93D563}.Test|Any CPU.Build.0 = Test|Any CPU
		{FD6ABF10-65F1-4091-A046-31681A93D563}.Test|Mixed Platforms.ActiveCfg = Test|Any CPU
		{FD6ABF10-65F1-4091-A046-31681A93D563}.Test|Mixed Platforms.Build.0 = Test|Any CPU
		{FD6ABF10-65F1-4091-A046-31681A93D563}.Test|x86.ActiveCfg = Test|Any CPU
		{E4DBF1BD-F8E5-430F-BC25-8064954CEBEE}.Debug|.NET.ActiveCfg = Debug|Any CPU
		{E4DBF1BD-F8E5-430F-BC25-8064954CEBEE}.Debug|.NET.Build.0 = Debug|Any CPU
		{E4DBF1BD-F8E5-430F-BC25-8064954CEBEE}.Debug|Any CPU.ActiveCfg = Debug|Any CPU
		{E4DBF1BD-F8E5-430F-BC25-8064954CEBEE}.Debug|Any CPU.Build.0 = Debug|Any CPU
		{E4DBF1BD-F8E5-430F-BC25-8064954CEBEE}.Debug|Mixed Platforms.ActiveCfg = Debug|Any CPU
		{E4DBF1BD-F8E5-430F-BC25-8064954CEBEE}.Debug|Mixed Platforms.Build.0 = Debug|Any CPU
		{E4DBF1BD-F8E5-430F-BC25-8064954CEBEE}.Debug|x86.ActiveCfg = Debug|Any CPU
		{E4DBF1BD-F8E5-430F-BC25-8064954CEBEE}.KdsProd01|.NET.ActiveCfg = KdsProd01|Any CPU
		{E4DBF1BD-F8E5-430F-BC25-8064954CEBEE}.KdsProd01|.NET.Build.0 = KdsProd01|Any CPU
		{E4DBF1BD-F8E5-430F-BC25-8064954CEBEE}.KdsProd01|Any CPU.ActiveCfg = KdsProd01|Any CPU
		{E4DBF1BD-F8E5-430F-BC25-8064954CEBEE}.KdsProd01|Any CPU.Build.0 = KdsProd01|Any CPU
		{E4DBF1BD-F8E5-430F-BC25-8064954CEBEE}.KdsProd01|Mixed Platforms.ActiveCfg = KdsProd01|Any CPU
		{E4DBF1BD-F8E5-430F-BC25-8064954CEBEE}.KdsProd01|Mixed Platforms.Build.0 = KdsProd01|Any CPU
		{E4DBF1BD-F8E5-430F-BC25-8064954CEBEE}.KdsProd01|x86.ActiveCfg = KdsProd01|Any CPU
		{E4DBF1BD-F8E5-430F-BC25-8064954CEBEE}.KdsProd01|x86.Build.0 = KdsProd01|Any CPU
		{E4DBF1BD-F8E5-430F-BC25-8064954CEBEE}.KdsProd02|.NET.ActiveCfg = KdsProd02|Any CPU
		{E4DBF1BD-F8E5-430F-BC25-8064954CEBEE}.KdsProd02|.NET.Build.0 = KdsProd02|Any CPU
		{E4DBF1BD-F8E5-430F-BC25-8064954CEBEE}.KdsProd02|Any CPU.ActiveCfg = KdsProd02|Any CPU
		{E4DBF1BD-F8E5-430F-BC25-8064954CEBEE}.KdsProd02|Any CPU.Build.0 = KdsProd02|Any CPU
		{E4DBF1BD-F8E5-430F-BC25-8064954CEBEE}.KdsProd02|Mixed Platforms.ActiveCfg = KdsProd02|Any CPU
		{E4DBF1BD-F8E5-430F-BC25-8064954CEBEE}.KdsProd02|Mixed Platforms.Build.0 = KdsProd02|Any CPU
		{E4DBF1BD-F8E5-430F-BC25-8064954CEBEE}.KdsProd02|x86.ActiveCfg = KdsProd02|Any CPU
		{E4DBF1BD-F8E5-430F-BC25-8064954CEBEE}.KdsProd02|x86.Build.0 = KdsProd02|Any CPU
		{E4DBF1BD-F8E5-430F-BC25-8064954CEBEE}.KdsTest|.NET.ActiveCfg = KdsTest|Any CPU
		{E4DBF1BD-F8E5-430F-BC25-8064954CEBEE}.KdsTest|.NET.Build.0 = KdsTest|Any CPU
		{E4DBF1BD-F8E5-430F-BC25-8064954CEBEE}.KdsTest|Any CPU.ActiveCfg = KdsTest|Any CPU
		{E4DBF1BD-F8E5-430F-BC25-8064954CEBEE}.KdsTest|Any CPU.Build.0 = KdsTest|Any CPU
		{E4DBF1BD-F8E5-430F-BC25-8064954CEBEE}.KdsTest|Mixed Platforms.ActiveCfg = KdsTest|Any CPU
		{E4DBF1BD-F8E5-430F-BC25-8064954CEBEE}.KdsTest|Mixed Platforms.Build.0 = KdsTest|Any CPU
		{E4DBF1BD-F8E5-430F-BC25-8064954CEBEE}.KdsTest|x86.ActiveCfg = KdsTest|Any CPU
		{E4DBF1BD-F8E5-430F-BC25-8064954CEBEE}.KdsTest|x86.Build.0 = KdsTest|Any CPU
		{E4DBF1BD-F8E5-430F-BC25-8064954CEBEE}.Release|.NET.ActiveCfg = Release|Any CPU
		{E4DBF1BD-F8E5-430F-BC25-8064954CEBEE}.Release|Any CPU.ActiveCfg = Release|Any CPU
		{E4DBF1BD-F8E5-430F-BC25-8064954CEBEE}.Release|Any CPU.Build.0 = Release|Any CPU
		{E4DBF1BD-F8E5-430F-BC25-8064954CEBEE}.Release|Mixed Platforms.ActiveCfg = Release|Any CPU
		{E4DBF1BD-F8E5-430F-BC25-8064954CEBEE}.Release|Mixed Platforms.Build.0 = Release|Any CPU
		{E4DBF1BD-F8E5-430F-BC25-8064954CEBEE}.Release|x86.ActiveCfg = Release|Any CPU
		{E4DBF1BD-F8E5-430F-BC25-8064954CEBEE}.Test|.NET.ActiveCfg = Test|Any CPU
		{E4DBF1BD-F8E5-430F-BC25-8064954CEBEE}.Test|Any CPU.ActiveCfg = Test|Any CPU
		{E4DBF1BD-F8E5-430F-BC25-8064954CEBEE}.Test|Any CPU.Build.0 = Test|Any CPU
		{E4DBF1BD-F8E5-430F-BC25-8064954CEBEE}.Test|Mixed Platforms.ActiveCfg = Test|Any CPU
		{E4DBF1BD-F8E5-430F-BC25-8064954CEBEE}.Test|Mixed Platforms.Build.0 = Test|Any CPU
		{E4DBF1BD-F8E5-430F-BC25-8064954CEBEE}.Test|x86.ActiveCfg = Test|Any CPU
		{ECF904B0-35DE-4570-86BA-7676D617F07B}.Debug|.NET.ActiveCfg = Debug|Any CPU
		{ECF904B0-35DE-4570-86BA-7676D617F07B}.Debug|.NET.Build.0 = Debug|Any CPU
		{ECF904B0-35DE-4570-86BA-7676D617F07B}.Debug|Any CPU.ActiveCfg = Debug|Any CPU
		{ECF904B0-35DE-4570-86BA-7676D617F07B}.Debug|Any CPU.Build.0 = Debug|Any CPU
		{ECF904B0-35DE-4570-86BA-7676D617F07B}.Debug|Mixed Platforms.ActiveCfg = Debug|Any CPU
		{ECF904B0-35DE-4570-86BA-7676D617F07B}.Debug|Mixed Platforms.Build.0 = Debug|Any CPU
		{ECF904B0-35DE-4570-86BA-7676D617F07B}.Debug|x86.ActiveCfg = Debug|Any CPU
		{ECF904B0-35DE-4570-86BA-7676D617F07B}.KdsProd01|.NET.ActiveCfg = KdsProd01|Any CPU
		{ECF904B0-35DE-4570-86BA-7676D617F07B}.KdsProd01|.NET.Build.0 = KdsProd01|Any CPU
		{ECF904B0-35DE-4570-86BA-7676D617F07B}.KdsProd01|Any CPU.ActiveCfg = KdsProd01|Any CPU
		{ECF904B0-35DE-4570-86BA-7676D617F07B}.KdsProd01|Any CPU.Build.0 = KdsProd01|Any CPU
		{ECF904B0-35DE-4570-86BA-7676D617F07B}.KdsProd01|Mixed Platforms.ActiveCfg = KdsProd01|Any CPU
		{ECF904B0-35DE-4570-86BA-7676D617F07B}.KdsProd01|Mixed Platforms.Build.0 = KdsProd01|Any CPU
		{ECF904B0-35DE-4570-86BA-7676D617F07B}.KdsProd01|x86.ActiveCfg = KdsProd01|Any CPU
		{ECF904B0-35DE-4570-86BA-7676D617F07B}.KdsProd01|x86.Build.0 = KdsProd01|Any CPU
		{ECF904B0-35DE-4570-86BA-7676D617F07B}.KdsProd02|.NET.ActiveCfg = KdsProd02|Any CPU
		{ECF904B0-35DE-4570-86BA-7676D617F07B}.KdsProd02|.NET.Build.0 = KdsProd02|Any CPU
		{ECF904B0-35DE-4570-86BA-7676D617F07B}.KdsProd02|Any CPU.ActiveCfg = KdsProd02|Any CPU
		{ECF904B0-35DE-4570-86BA-7676D617F07B}.KdsProd02|Any CPU.Build.0 = KdsProd02|Any CPU
		{ECF904B0-35DE-4570-86BA-7676D617F07B}.KdsProd02|Mixed Platforms.ActiveCfg = KdsProd02|Any CPU
		{ECF904B0-35DE-4570-86BA-7676D617F07B}.KdsProd02|Mixed Platforms.Build.0 = KdsProd02|Any CPU
		{ECF904B0-35DE-4570-86BA-7676D617F07B}.KdsProd02|x86.ActiveCfg = KdsProd02|Any CPU
		{ECF904B0-35DE-4570-86BA-7676D617F07B}.KdsProd02|x86.Build.0 = KdsProd02|Any CPU
		{ECF904B0-35DE-4570-86BA-7676D617F07B}.KdsTest|.NET.ActiveCfg = KdsTest|Any CPU
		{ECF904B0-35DE-4570-86BA-7676D617F07B}.KdsTest|.NET.Build.0 = KdsTest|Any CPU
		{ECF904B0-35DE-4570-86BA-7676D617F07B}.KdsTest|Any CPU.ActiveCfg = KdsTest|Any CPU
		{ECF904B0-35DE-4570-86BA-7676D617F07B}.KdsTest|Any CPU.Build.0 = KdsTest|Any CPU
		{ECF904B0-35DE-4570-86BA-7676D617F07B}.KdsTest|Mixed Platforms.ActiveCfg = KdsTest|Any CPU
		{ECF904B0-35DE-4570-86BA-7676D617F07B}.KdsTest|Mixed Platforms.Build.0 = KdsTest|Any CPU
		{ECF904B0-35DE-4570-86BA-7676D617F07B}.KdsTest|x86.ActiveCfg = KdsTest|Any CPU
		{ECF904B0-35DE-4570-86BA-7676D617F07B}.KdsTest|x86.Build.0 = KdsTest|Any CPU
		{ECF904B0-35DE-4570-86BA-7676D617F07B}.Release|.NET.ActiveCfg = Release|Any CPU
		{ECF904B0-35DE-4570-86BA-7676D617F07B}.Release|Any CPU.ActiveCfg = Release|Any CPU
		{ECF904B0-35DE-4570-86BA-7676D617F07B}.Release|Any CPU.Build.0 = Release|Any CPU
		{ECF904B0-35DE-4570-86BA-7676D617F07B}.Release|Mixed Platforms.ActiveCfg = Release|Any CPU
		{ECF904B0-35DE-4570-86BA-7676D617F07B}.Release|Mixed Platforms.Build.0 = Release|Any CPU
		{ECF904B0-35DE-4570-86BA-7676D617F07B}.Release|x86.ActiveCfg = Release|Any CPU
		{ECF904B0-35DE-4570-86BA-7676D617F07B}.Test|.NET.ActiveCfg = Test|Any CPU
		{ECF904B0-35DE-4570-86BA-7676D617F07B}.Test|Any CPU.ActiveCfg = Test|Any CPU
		{ECF904B0-35DE-4570-86BA-7676D617F07B}.Test|Any CPU.Build.0 = Test|Any CPU
		{ECF904B0-35DE-4570-86BA-7676D617F07B}.Test|Mixed Platforms.ActiveCfg = Test|Any CPU
		{ECF904B0-35DE-4570-86BA-7676D617F07B}.Test|Mixed Platforms.Build.0 = Test|Any CPU
		{ECF904B0-35DE-4570-86BA-7676D617F07B}.Test|x86.ActiveCfg = Test|Any CPU
		{482BDA70-9AF2-4498-9627-E9C43EE44FDF}.Debug|.NET.ActiveCfg = Debug|Any CPU
		{482BDA70-9AF2-4498-9627-E9C43EE44FDF}.Debug|.NET.Build.0 = Debug|Any CPU
		{482BDA70-9AF2-4498-9627-E9C43EE44FDF}.Debug|Any CPU.ActiveCfg = Debug|Any CPU
		{482BDA70-9AF2-4498-9627-E9C43EE44FDF}.Debug|Any CPU.Build.0 = Debug|Any CPU
		{482BDA70-9AF2-4498-9627-E9C43EE44FDF}.Debug|Mixed Platforms.ActiveCfg = Debug|Any CPU
		{482BDA70-9AF2-4498-9627-E9C43EE44FDF}.Debug|Mixed Platforms.Build.0 = Debug|Any CPU
		{482BDA70-9AF2-4498-9627-E9C43EE44FDF}.Debug|x86.ActiveCfg = Debug|Any CPU
		{482BDA70-9AF2-4498-9627-E9C43EE44FDF}.KdsProd01|.NET.ActiveCfg = KdsProd01|Any CPU
		{482BDA70-9AF2-4498-9627-E9C43EE44FDF}.KdsProd01|.NET.Build.0 = KdsProd01|Any CPU
		{482BDA70-9AF2-4498-9627-E9C43EE44FDF}.KdsProd01|Any CPU.ActiveCfg = KdsProd01|Any CPU
		{482BDA70-9AF2-4498-9627-E9C43EE44FDF}.KdsProd01|Any CPU.Build.0 = KdsProd01|Any CPU
		{482BDA70-9AF2-4498-9627-E9C43EE44FDF}.KdsProd01|Mixed Platforms.ActiveCfg = KdsProd01|Any CPU
		{482BDA70-9AF2-4498-9627-E9C43EE44FDF}.KdsProd01|Mixed Platforms.Build.0 = KdsProd01|Any CPU
		{482BDA70-9AF2-4498-9627-E9C43EE44FDF}.KdsProd01|x86.ActiveCfg = KdsProd01|Any CPU
		{482BDA70-9AF2-4498-9627-E9C43EE44FDF}.KdsProd01|x86.Build.0 = KdsProd01|Any CPU
		{482BDA70-9AF2-4498-9627-E9C43EE44FDF}.KdsProd02|.NET.ActiveCfg = KdsProd02|Any CPU
		{482BDA70-9AF2-4498-9627-E9C43EE44FDF}.KdsProd02|.NET.Build.0 = KdsProd02|Any CPU
		{482BDA70-9AF2-4498-9627-E9C43EE44FDF}.KdsProd02|Any CPU.ActiveCfg = KdsProd02|Any CPU
		{482BDA70-9AF2-4498-9627-E9C43EE44FDF}.KdsProd02|Any CPU.Build.0 = KdsProd02|Any CPU
		{482BDA70-9AF2-4498-9627-E9C43EE44FDF}.KdsProd02|Mixed Platforms.ActiveCfg = KdsProd02|Any CPU
		{482BDA70-9AF2-4498-9627-E9C43EE44FDF}.KdsProd02|Mixed Platforms.Build.0 = KdsProd02|Any CPU
		{482BDA70-9AF2-4498-9627-E9C43EE44FDF}.KdsProd02|x86.ActiveCfg = KdsProd02|Any CPU
		{482BDA70-9AF2-4498-9627-E9C43EE44FDF}.KdsProd02|x86.Build.0 = KdsProd02|Any CPU
		{482BDA70-9AF2-4498-9627-E9C43EE44FDF}.KdsTest|.NET.ActiveCfg = KdsTest|Any CPU
		{482BDA70-9AF2-4498-9627-E9C43EE44FDF}.KdsTest|.NET.Build.0 = KdsTest|Any CPU
		{482BDA70-9AF2-4498-9627-E9C43EE44FDF}.KdsTest|Any CPU.ActiveCfg = KdsTest|Any CPU
		{482BDA70-9AF2-4498-9627-E9C43EE44FDF}.KdsTest|Any CPU.Build.0 = KdsTest|Any CPU
		{482BDA70-9AF2-4498-9627-E9C43EE44FDF}.KdsTest|Mixed Platforms.ActiveCfg = KdsTest|Any CPU
		{482BDA70-9AF2-4498-9627-E9C43EE44FDF}.KdsTest|Mixed Platforms.Build.0 = KdsTest|Any CPU
		{482BDA70-9AF2-4498-9627-E9C43EE44FDF}.KdsTest|x86.ActiveCfg = KdsTest|Any CPU
		{482BDA70-9AF2-4498-9627-E9C43EE44FDF}.KdsTest|x86.Build.0 = KdsTest|Any CPU
		{482BDA70-9AF2-4498-9627-E9C43EE44FDF}.Release|.NET.ActiveCfg = Release|Any CPU
		{482BDA70-9AF2-4498-9627-E9C43EE44FDF}.Release|Any CPU.ActiveCfg = Release|Any CPU
		{482BDA70-9AF2-4498-9627-E9C43EE44FDF}.Release|Any CPU.Build.0 = Release|Any CPU
		{482BDA70-9AF2-4498-9627-E9C43EE44FDF}.Release|Mixed Platforms.ActiveCfg = Release|Any CPU
		{482BDA70-9AF2-4498-9627-E9C43EE44FDF}.Release|Mixed Platforms.Build.0 = Release|Any CPU
		{482BDA70-9AF2-4498-9627-E9C43EE44FDF}.Release|x86.ActiveCfg = Release|Any CPU
		{482BDA70-9AF2-4498-9627-E9C43EE44FDF}.Test|.NET.ActiveCfg = Test|Any CPU
		{482BDA70-9AF2-4498-9627-E9C43EE44FDF}.Test|Any CPU.ActiveCfg = Test|Any CPU
		{482BDA70-9AF2-4498-9627-E9C43EE44FDF}.Test|Any CPU.Build.0 = Test|Any CPU
		{482BDA70-9AF2-4498-9627-E9C43EE44FDF}.Test|Mixed Platforms.ActiveCfg = Test|Any CPU
		{482BDA70-9AF2-4498-9627-E9C43EE44FDF}.Test|Mixed Platforms.Build.0 = Test|Any CPU
		{482BDA70-9AF2-4498-9627-E9C43EE44FDF}.Test|x86.ActiveCfg = Test|Any CPU
		{7B74C39D-09A2-4820-BDB1-A43186F127EE}.Debug|.NET.ActiveCfg = Debug|Any CPU
		{7B74C39D-09A2-4820-BDB1-A43186F127EE}.Debug|.NET.Build.0 = Debug|Any CPU
		{7B74C39D-09A2-4820-BDB1-A43186F127EE}.Debug|Any CPU.ActiveCfg = Debug|Any CPU
		{7B74C39D-09A2-4820-BDB1-A43186F127EE}.Debug|Any CPU.Build.0 = Debug|Any CPU
		{7B74C39D-09A2-4820-BDB1-A43186F127EE}.Debug|Mixed Platforms.ActiveCfg = Debug|Any CPU
		{7B74C39D-09A2-4820-BDB1-A43186F127EE}.Debug|Mixed Platforms.Build.0 = Debug|Any CPU
		{7B74C39D-09A2-4820-BDB1-A43186F127EE}.Debug|x86.ActiveCfg = Debug|Any CPU
		{7B74C39D-09A2-4820-BDB1-A43186F127EE}.KdsProd01|.NET.ActiveCfg = KdsProd01|Any CPU
		{7B74C39D-09A2-4820-BDB1-A43186F127EE}.KdsProd01|Any CPU.ActiveCfg = KdsProd01|Any CPU
		{7B74C39D-09A2-4820-BDB1-A43186F127EE}.KdsProd01|Any CPU.Build.0 = KdsProd01|Any CPU
		{7B74C39D-09A2-4820-BDB1-A43186F127EE}.KdsProd01|Mixed Platforms.ActiveCfg = KdsProd01|Any CPU
		{7B74C39D-09A2-4820-BDB1-A43186F127EE}.KdsProd01|Mixed Platforms.Build.0 = KdsProd01|Any CPU
		{7B74C39D-09A2-4820-BDB1-A43186F127EE}.KdsProd01|x86.ActiveCfg = KdsProd01|Any CPU
		{7B74C39D-09A2-4820-BDB1-A43186F127EE}.KdsProd02|.NET.ActiveCfg = KdsProd02|Any CPU
		{7B74C39D-09A2-4820-BDB1-A43186F127EE}.KdsProd02|.NET.Build.0 = KdsProd02|Any CPU
		{7B74C39D-09A2-4820-BDB1-A43186F127EE}.KdsProd02|Any CPU.ActiveCfg = KdsProd02|Any CPU
		{7B74C39D-09A2-4820-BDB1-A43186F127EE}.KdsProd02|Mixed Platforms.ActiveCfg = KdsProd02|Any CPU
		{7B74C39D-09A2-4820-BDB1-A43186F127EE}.KdsProd02|Mixed Platforms.Build.0 = KdsProd02|Any CPU
		{7B74C39D-09A2-4820-BDB1-A43186F127EE}.KdsProd02|x86.ActiveCfg = KdsProd02|Any CPU
		{7B74C39D-09A2-4820-BDB1-A43186F127EE}.KdsTest|.NET.ActiveCfg = KdsTest|Any CPU
		{7B74C39D-09A2-4820-BDB1-A43186F127EE}.KdsTest|Any CPU.ActiveCfg = KdsTest|Any CPU
		{7B74C39D-09A2-4820-BDB1-A43186F127EE}.KdsTest|Any CPU.Build.0 = KdsTest|Any CPU
		{7B74C39D-09A2-4820-BDB1-A43186F127EE}.KdsTest|Mixed Platforms.ActiveCfg = KdsTest|Any CPU
		{7B74C39D-09A2-4820-BDB1-A43186F127EE}.KdsTest|Mixed Platforms.Build.0 = KdsTest|Any CPU
		{7B74C39D-09A2-4820-BDB1-A43186F127EE}.KdsTest|x86.ActiveCfg = KdsTest|Any CPU
		{7B74C39D-09A2-4820-BDB1-A43186F127EE}.Release|.NET.ActiveCfg = Release|Any CPU
		{7B74C39D-09A2-4820-BDB1-A43186F127EE}.Release|Any CPU.ActiveCfg = Release|Any CPU
		{7B74C39D-09A2-4820-BDB1-A43186F127EE}.Release|Any CPU.Build.0 = Release|Any CPU
		{7B74C39D-09A2-4820-BDB1-A43186F127EE}.Release|Mixed Platforms.ActiveCfg = Release|Any CPU
		{7B74C39D-09A2-4820-BDB1-A43186F127EE}.Release|Mixed Platforms.Build.0 = Release|Any CPU
		{7B74C39D-09A2-4820-BDB1-A43186F127EE}.Release|x86.ActiveCfg = Release|Any CPU
		{7B74C39D-09A2-4820-BDB1-A43186F127EE}.Test|.NET.ActiveCfg = Test|Any CPU
		{7B74C39D-09A2-4820-BDB1-A43186F127EE}.Test|Any CPU.ActiveCfg = Test|Any CPU
		{7B74C39D-09A2-4820-BDB1-A43186F127EE}.Test|Any CPU.Build.0 = Test|Any CPU
		{7B74C39D-09A2-4820-BDB1-A43186F127EE}.Test|Mixed Platforms.ActiveCfg = Test|Any CPU
		{7B74C39D-09A2-4820-BDB1-A43186F127EE}.Test|Mixed Platforms.Build.0 = Test|Any CPU
		{7B74C39D-09A2-4820-BDB1-A43186F127EE}.Test|x86.ActiveCfg = Test|Any CPU
		{EC1368EE-E9EB-45D4-B252-1329A077AD06}.Debug|.NET.ActiveCfg = Debug|Any CPU
		{EC1368EE-E9EB-45D4-B252-1329A077AD06}.Debug|.NET.Build.0 = Debug|Any CPU
		{EC1368EE-E9EB-45D4-B252-1329A077AD06}.Debug|Any CPU.ActiveCfg = Debug|Any CPU
		{EC1368EE-E9EB-45D4-B252-1329A077AD06}.Debug|Any CPU.Build.0 = Debug|Any CPU
		{EC1368EE-E9EB-45D4-B252-1329A077AD06}.Debug|Mixed Platforms.ActiveCfg = Debug|Any CPU
		{EC1368EE-E9EB-45D4-B252-1329A077AD06}.Debug|Mixed Platforms.Build.0 = Debug|Any CPU
		{EC1368EE-E9EB-45D4-B252-1329A077AD06}.Debug|x86.ActiveCfg = Debug|Any CPU
		{EC1368EE-E9EB-45D4-B252-1329A077AD06}.KdsProd01|.NET.ActiveCfg = KdsProd01|Any CPU
		{EC1368EE-E9EB-45D4-B252-1329A077AD06}.KdsProd01|Any CPU.ActiveCfg = KdsProd01|Any CPU
		{EC1368EE-E9EB-45D4-B252-1329A077AD06}.KdsProd01|Any CPU.Build.0 = KdsProd01|Any CPU
		{EC1368EE-E9EB-45D4-B252-1329A077AD06}.KdsProd01|Mixed Platforms.ActiveCfg = KdsProd01|Any CPU
		{EC1368EE-E9EB-45D4-B252-1329A077AD06}.KdsProd01|Mixed Platforms.Build.0 = KdsProd01|Any CPU
		{EC1368EE-E9EB-45D4-B252-1329A077AD06}.KdsProd01|x86.ActiveCfg = KdsProd01|Any CPU
		{EC1368EE-E9EB-45D4-B252-1329A077AD06}.KdsProd01|x86.Build.0 = KdsProd01|Any CPU
		{EC1368EE-E9EB-45D4-B252-1329A077AD06}.KdsProd02|.NET.ActiveCfg = KdsProd02|Any CPU
		{EC1368EE-E9EB-45D4-B252-1329A077AD06}.KdsProd02|Any CPU.ActiveCfg = KdsProd02|Any CPU
		{EC1368EE-E9EB-45D4-B252-1329A077AD06}.KdsProd02|Mixed Platforms.ActiveCfg = KdsProd02|Any CPU
		{EC1368EE-E9EB-45D4-B252-1329A077AD06}.KdsProd02|Mixed Platforms.Build.0 = KdsProd02|Any CPU
		{EC1368EE-E9EB-45D4-B252-1329A077AD06}.KdsProd02|x86.ActiveCfg = KdsProd02|Any CPU
		{EC1368EE-E9EB-45D4-B252-1329A077AD06}.KdsProd02|x86.Build.0 = KdsProd02|Any CPU
		{EC1368EE-E9EB-45D4-B252-1329A077AD06}.KdsTest|.NET.ActiveCfg = KdsTest|Any CPU
		{EC1368EE-E9EB-45D4-B252-1329A077AD06}.KdsTest|.NET.Build.0 = KdsTest|Any CPU
		{EC1368EE-E9EB-45D4-B252-1329A077AD06}.KdsTest|Any CPU.ActiveCfg = KdsTest|Any CPU
		{EC1368EE-E9EB-45D4-B252-1329A077AD06}.KdsTest|Any CPU.Build.0 = KdsTest|Any CPU
		{EC1368EE-E9EB-45D4-B252-1329A077AD06}.KdsTest|Mixed Platforms.ActiveCfg = KdsTest|Any CPU
		{EC1368EE-E9EB-45D4-B252-1329A077AD06}.KdsTest|Mixed Platforms.Build.0 = KdsTest|Any CPU
		{EC1368EE-E9EB-45D4-B252-1329A077AD06}.KdsTest|x86.ActiveCfg = KdsTest|Any CPU
		{EC1368EE-E9EB-45D4-B252-1329A077AD06}.KdsTest|x86.Build.0 = KdsTest|Any CPU
		{EC1368EE-E9EB-45D4-B252-1329A077AD06}.Release|.NET.ActiveCfg = Release|Any CPU
		{EC1368EE-E9EB-45D4-B252-1329A077AD06}.Release|Any CPU.ActiveCfg = Release|Any CPU
		{EC1368EE-E9EB-45D4-B252-1329A077AD06}.Release|Any CPU.Build.0 = Release|Any CPU
		{EC1368EE-E9EB-45D4-B252-1329A077AD06}.Release|Mixed Platforms.ActiveCfg = Release|Any CPU
		{EC1368EE-E9EB-45D4-B252-1329A077AD06}.Release|Mixed Platforms.Build.0 = Release|Any CPU
		{EC1368EE-E9EB-45D4-B252-1329A077AD06}.Release|x86.ActiveCfg = Release|Any CPU
		{EC1368EE-E9EB-45D4-B252-1329A077AD06}.Test|.NET.ActiveCfg = Test|Any CPU
		{EC1368EE-E9EB-45D4-B252-1329A077AD06}.Test|Any CPU.ActiveCfg = Test|Any CPU
		{EC1368EE-E9EB-45D4-B252-1329A077AD06}.Test|Any CPU.Build.0 = Test|Any CPU
		{EC1368EE-E9EB-45D4-B252-1329A077AD06}.Test|Mixed Platforms.ActiveCfg = Test|Any CPU
		{EC1368EE-E9EB-45D4-B252-1329A077AD06}.Test|Mixed Platforms.Build.0 = Test|Any CPU
		{EC1368EE-E9EB-45D4-B252-1329A077AD06}.Test|x86.ActiveCfg = Test|Any CPU
		{DC5FD4C5-70C8-4EC1-A9EA-B0A3FB7AE1D3}.Debug|.NET.ActiveCfg = Debug|Any CPU
		{DC5FD4C5-70C8-4EC1-A9EA-B0A3FB7AE1D3}.Debug|.NET.Build.0 = Debug|Any CPU
		{DC5FD4C5-70C8-4EC1-A9EA-B0A3FB7AE1D3}.Debug|Any CPU.ActiveCfg = Debug|Any CPU
		{DC5FD4C5-70C8-4EC1-A9EA-B0A3FB7AE1D3}.Debug|Any CPU.Build.0 = Debug|Any CPU
		{DC5FD4C5-70C8-4EC1-A9EA-B0A3FB7AE1D3}.Debug|Mixed Platforms.ActiveCfg = Debug|Any CPU
		{DC5FD4C5-70C8-4EC1-A9EA-B0A3FB7AE1D3}.Debug|Mixed Platforms.Build.0 = Debug|Any CPU
		{DC5FD4C5-70C8-4EC1-A9EA-B0A3FB7AE1D3}.Debug|x86.ActiveCfg = Debug|Any CPU
		{DC5FD4C5-70C8-4EC1-A9EA-B0A3FB7AE1D3}.KdsProd01|.NET.ActiveCfg = KdsProd01|Any CPU
		{DC5FD4C5-70C8-4EC1-A9EA-B0A3FB7AE1D3}.KdsProd01|.NET.Build.0 = KdsProd01|Any CPU
		{DC5FD4C5-70C8-4EC1-A9EA-B0A3FB7AE1D3}.KdsProd01|Any CPU.ActiveCfg = Release|Any CPU
		{DC5FD4C5-70C8-4EC1-A9EA-B0A3FB7AE1D3}.KdsProd01|Any CPU.Build.0 = Release|Any CPU
		{DC5FD4C5-70C8-4EC1-A9EA-B0A3FB7AE1D3}.KdsProd01|Mixed Platforms.ActiveCfg = Release|Any CPU
		{DC5FD4C5-70C8-4EC1-A9EA-B0A3FB7AE1D3}.KdsProd01|Mixed Platforms.Build.0 = Release|Any CPU
		{DC5FD4C5-70C8-4EC1-A9EA-B0A3FB7AE1D3}.KdsProd01|x86.ActiveCfg = Release|Any CPU
		{DC5FD4C5-70C8-4EC1-A9EA-B0A3FB7AE1D3}.KdsProd01|x86.Build.0 = Release|Any CPU
		{DC5FD4C5-70C8-4EC1-A9EA-B0A3FB7AE1D3}.KdsProd02|.NET.ActiveCfg = KdsProd02|Any CPU
		{DC5FD4C5-70C8-4EC1-A9EA-B0A3FB7AE1D3}.KdsProd02|.NET.Build.0 = KdsProd02|Any CPU
		{DC5FD4C5-70C8-4EC1-A9EA-B0A3FB7AE1D3}.KdsProd02|Any CPU.ActiveCfg = KdsProd02|Any CPU
		{DC5FD4C5-70C8-4EC1-A9EA-B0A3FB7AE1D3}.KdsProd02|Mixed Platforms.ActiveCfg = KdsProd02|Any CPU
		{DC5FD4C5-70C8-4EC1-A9EA-B0A3FB7AE1D3}.KdsProd02|Mixed Platforms.Build.0 = KdsProd02|Any CPU
		{DC5FD4C5-70C8-4EC1-A9EA-B0A3FB7AE1D3}.KdsProd02|x86.ActiveCfg = KdsProd02|Any CPU
		{DC5FD4C5-70C8-4EC1-A9EA-B0A3FB7AE1D3}.KdsProd02|x86.Build.0 = KdsProd02|Any CPU
		{DC5FD4C5-70C8-4EC1-A9EA-B0A3FB7AE1D3}.KdsTest|.NET.ActiveCfg = KdsTest|Any CPU
		{DC5FD4C5-70C8-4EC1-A9EA-B0A3FB7AE1D3}.KdsTest|.NET.Build.0 = KdsTest|Any CPU
		{DC5FD4C5-70C8-4EC1-A9EA-B0A3FB7AE1D3}.KdsTest|Any CPU.ActiveCfg = Release|Any CPU
		{DC5FD4C5-70C8-4EC1-A9EA-B0A3FB7AE1D3}.KdsTest|Any CPU.Build.0 = Release|Any CPU
		{DC5FD4C5-70C8-4EC1-A9EA-B0A3FB7AE1D3}.KdsTest|Mixed Platforms.ActiveCfg = Release|Any CPU
		{DC5FD4C5-70C8-4EC1-A9EA-B0A3FB7AE1D3}.KdsTest|Mixed Platforms.Build.0 = Release|Any CPU
		{DC5FD4C5-70C8-4EC1-A9EA-B0A3FB7AE1D3}.KdsTest|x86.ActiveCfg = Release|Any CPU
		{DC5FD4C5-70C8-4EC1-A9EA-B0A3FB7AE1D3}.KdsTest|x86.Build.0 = Release|Any CPU
		{DC5FD4C5-70C8-4EC1-A9EA-B0A3FB7AE1D3}.Release|.NET.ActiveCfg = Release|Any CPU
		{DC5FD4C5-70C8-4EC1-A9EA-B0A3FB7AE1D3}.Release|Any CPU.ActiveCfg = Release|Any CPU
		{DC5FD4C5-70C8-4EC1-A9EA-B0A3FB7AE1D3}.Release|Any CPU.Build.0 = Release|Any CPU
		{DC5FD4C5-70C8-4EC1-A9EA-B0A3FB7AE1D3}.Release|Mixed Platforms.ActiveCfg = Release|Any CPU
		{DC5FD4C5-70C8-4EC1-A9EA-B0A3FB7AE1D3}.Release|Mixed Platforms.Build.0 = Release|Any CPU
		{DC5FD4C5-70C8-4EC1-A9EA-B0A3FB7AE1D3}.Release|Mixed Platforms.Deploy.0 = Release|Any CPU
		{DC5FD4C5-70C8-4EC1-A9EA-B0A3FB7AE1D3}.Release|x86.ActiveCfg = Release|Any CPU
		{DC5FD4C5-70C8-4EC1-A9EA-B0A3FB7AE1D3}.Test|.NET.ActiveCfg = Release|Any CPU
		{DC5FD4C5-70C8-4EC1-A9EA-B0A3FB7AE1D3}.Test|Any CPU.ActiveCfg = Release|Any CPU
		{DC5FD4C5-70C8-4EC1-A9EA-B0A3FB7AE1D3}.Test|Any CPU.Build.0 = Release|Any CPU
		{DC5FD4C5-70C8-4EC1-A9EA-B0A3FB7AE1D3}.Test|Mixed Platforms.ActiveCfg = Release|Any CPU
		{DC5FD4C5-70C8-4EC1-A9EA-B0A3FB7AE1D3}.Test|Mixed Platforms.Build.0 = Release|Any CPU
		{DC5FD4C5-70C8-4EC1-A9EA-B0A3FB7AE1D3}.Test|x86.ActiveCfg = Release|Any CPU
		{F685A3F0-4A35-4714-BD73-4FFC12829143}.Debug|.NET.ActiveCfg = Debug|Any CPU
		{F685A3F0-4A35-4714-BD73-4FFC12829143}.Debug|.NET.Build.0 = Debug|Any CPU
		{F685A3F0-4A35-4714-BD73-4FFC12829143}.Debug|Any CPU.ActiveCfg = Debug|Any CPU
		{F685A3F0-4A35-4714-BD73-4FFC12829143}.Debug|Any CPU.Build.0 = Debug|Any CPU
		{F685A3F0-4A35-4714-BD73-4FFC12829143}.Debug|Mixed Platforms.ActiveCfg = Debug|Any CPU
		{F685A3F0-4A35-4714-BD73-4FFC12829143}.Debug|Mixed Platforms.Build.0 = Debug|Any CPU
		{F685A3F0-4A35-4714-BD73-4FFC12829143}.Debug|x86.ActiveCfg = Debug|Any CPU
		{F685A3F0-4A35-4714-BD73-4FFC12829143}.KdsProd01|.NET.ActiveCfg = Release|Any CPU
		{F685A3F0-4A35-4714-BD73-4FFC12829143}.KdsProd01|Any CPU.ActiveCfg = Release|Any CPU
		{F685A3F0-4A35-4714-BD73-4FFC12829143}.KdsProd01|Any CPU.Build.0 = Release|Any CPU
		{F685A3F0-4A35-4714-BD73-4FFC12829143}.KdsProd01|Mixed Platforms.ActiveCfg = Release|Any CPU
		{F685A3F0-4A35-4714-BD73-4FFC12829143}.KdsProd01|Mixed Platforms.Build.0 = Release|Any CPU
		{F685A3F0-4A35-4714-BD73-4FFC12829143}.KdsProd01|x86.ActiveCfg = Release|Any CPU
		{F685A3F0-4A35-4714-BD73-4FFC12829143}.KdsProd02|.NET.ActiveCfg = KdsProd02|Any CPU
		{F685A3F0-4A35-4714-BD73-4FFC12829143}.KdsProd02|Any CPU.ActiveCfg = KdsProd02|Any CPU
		{F685A3F0-4A35-4714-BD73-4FFC12829143}.KdsProd02|Mixed Platforms.ActiveCfg = KdsProd02|Any CPU
		{F685A3F0-4A35-4714-BD73-4FFC12829143}.KdsProd02|Mixed Platforms.Build.0 = KdsProd02|Any CPU
		{F685A3F0-4A35-4714-BD73-4FFC12829143}.KdsProd02|x86.ActiveCfg = KdsProd02|Any CPU
		{F685A3F0-4A35-4714-BD73-4FFC12829143}.KdsTest|.NET.ActiveCfg = KsdTest|Any CPU
		{F685A3F0-4A35-4714-BD73-4FFC12829143}.KdsTest|Any CPU.ActiveCfg = Release|Any CPU
		{F685A3F0-4A35-4714-BD73-4FFC12829143}.KdsTest|Any CPU.Build.0 = Release|Any CPU
		{F685A3F0-4A35-4714-BD73-4FFC12829143}.KdsTest|Mixed Platforms.ActiveCfg = Release|Any CPU
		{F685A3F0-4A35-4714-BD73-4FFC12829143}.KdsTest|Mixed Platforms.Build.0 = Release|Any CPU
		{F685A3F0-4A35-4714-BD73-4FFC12829143}.KdsTest|x86.ActiveCfg = Release|Any CPU
		{F685A3F0-4A35-4714-BD73-4FFC12829143}.Release|.NET.ActiveCfg = Release|Any CPU
		{F685A3F0-4A35-4714-BD73-4FFC12829143}.Release|Any CPU.ActiveCfg = Release|Any CPU
		{F685A3F0-4A35-4714-BD73-4FFC12829143}.Release|Any CPU.Build.0 = Release|Any CPU
		{F685A3F0-4A35-4714-BD73-4FFC12829143}.Release|Mixed Platforms.ActiveCfg = Release|Any CPU
		{F685A3F0-4A35-4714-BD73-4FFC12829143}.Release|Mixed Platforms.Build.0 = Release|Any CPU
		{F685A3F0-4A35-4714-BD73-4FFC12829143}.Release|x86.ActiveCfg = Release|Any CPU
		{F685A3F0-4A35-4714-BD73-4FFC12829143}.Test|.NET.ActiveCfg = Release|Any CPU
		{F685A3F0-4A35-4714-BD73-4FFC12829143}.Test|Any CPU.ActiveCfg = Release|Any CPU
		{F685A3F0-4A35-4714-BD73-4FFC12829143}.Test|Any CPU.Build.0 = Release|Any CPU
		{F685A3F0-4A35-4714-BD73-4FFC12829143}.Test|Mixed Platforms.ActiveCfg = Release|Any CPU
		{F685A3F0-4A35-4714-BD73-4FFC12829143}.Test|Mixed Platforms.Build.0 = Release|Any CPU
		{F685A3F0-4A35-4714-BD73-4FFC12829143}.Test|x86.ActiveCfg = Release|Any CPU
		{48EFB3DB-EAD6-43A8-ACED-C5C8340FE244}.Debug|.NET.ActiveCfg = Debug|x86
		{48EFB3DB-EAD6-43A8-ACED-C5C8340FE244}.Debug|.NET.Build.0 = Debug|x86
		{48EFB3DB-EAD6-43A8-ACED-C5C8340FE244}.Debug|Any CPU.ActiveCfg = Debug|x86
		{48EFB3DB-EAD6-43A8-ACED-C5C8340FE244}.Debug|Mixed Platforms.ActiveCfg = Debug|x86
		{48EFB3DB-EAD6-43A8-ACED-C5C8340FE244}.Debug|Mixed Platforms.Build.0 = Debug|x86
		{48EFB3DB-EAD6-43A8-ACED-C5C8340FE244}.Debug|x86.ActiveCfg = Debug|x86
		{48EFB3DB-EAD6-43A8-ACED-C5C8340FE244}.Debug|x86.Build.0 = Debug|x86
		{48EFB3DB-EAD6-43A8-ACED-C5C8340FE244}.KdsProd01|.NET.ActiveCfg = KdsProd01|x86
		{48EFB3DB-EAD6-43A8-ACED-C5C8340FE244}.KdsProd01|.NET.Build.0 = KdsProd01|x86
		{48EFB3DB-EAD6-43A8-ACED-C5C8340FE244}.KdsProd01|Any CPU.ActiveCfg = KdsProd01|x86
		{48EFB3DB-EAD6-43A8-ACED-C5C8340FE244}.KdsProd01|Mixed Platforms.ActiveCfg = KdsProd01|x86
		{48EFB3DB-EAD6-43A8-ACED-C5C8340FE244}.KdsProd01|Mixed Platforms.Build.0 = KdsProd01|x86
		{48EFB3DB-EAD6-43A8-ACED-C5C8340FE244}.KdsProd01|x86.ActiveCfg = KdsProd01|x86
		{48EFB3DB-EAD6-43A8-ACED-C5C8340FE244}.KdsProd01|x86.Build.0 = KdsProd01|x86
		{48EFB3DB-EAD6-43A8-ACED-C5C8340FE244}.KdsProd02|.NET.ActiveCfg = KdsProd02|x86
		{48EFB3DB-EAD6-43A8-ACED-C5C8340FE244}.KdsProd02|.NET.Build.0 = KdsProd02|x86
		{48EFB3DB-EAD6-43A8-ACED-C5C8340FE244}.KdsProd02|Any CPU.ActiveCfg = KdsProd02|x86
		{48EFB3DB-EAD6-43A8-ACED-C5C8340FE244}.KdsProd02|Mixed Platforms.ActiveCfg = KdsProd02|x86
		{48EFB3DB-EAD6-43A8-ACED-C5C8340FE244}.KdsProd02|Mixed Platforms.Build.0 = KdsProd02|x86
		{48EFB3DB-EAD6-43A8-ACED-C5C8340FE244}.KdsProd02|x86.ActiveCfg = KdsProd02|x86
		{48EFB3DB-EAD6-43A8-ACED-C5C8340FE244}.KdsProd02|x86.Build.0 = KdsProd02|x86
		{48EFB3DB-EAD6-43A8-ACED-C5C8340FE244}.KdsTest|.NET.ActiveCfg = KdsTest|x86
		{48EFB3DB-EAD6-43A8-ACED-C5C8340FE244}.KdsTest|.NET.Build.0 = KdsTest|x86
		{48EFB3DB-EAD6-43A8-ACED-C5C8340FE244}.KdsTest|Any CPU.ActiveCfg = KdsTest|x86
		{48EFB3DB-EAD6-43A8-ACED-C5C8340FE244}.KdsTest|Mixed Platforms.ActiveCfg = KdsTest|x86
		{48EFB3DB-EAD6-43A8-ACED-C5C8340FE244}.KdsTest|Mixed Platforms.Build.0 = KdsTest|x86
		{48EFB3DB-EAD6-43A8-ACED-C5C8340FE244}.KdsTest|x86.ActiveCfg = KdsTest|x86
		{48EFB3DB-EAD6-43A8-ACED-C5C8340FE244}.KdsTest|x86.Build.0 = KdsTest|x86
		{48EFB3DB-EAD6-43A8-ACED-C5C8340FE244}.Release|.NET.ActiveCfg = Release|x86
		{48EFB3DB-EAD6-43A8-ACED-C5C8340FE244}.Release|Any CPU.ActiveCfg = Release|x86
		{48EFB3DB-EAD6-43A8-ACED-C5C8340FE244}.Release|Mixed Platforms.ActiveCfg = Release|x86
		{48EFB3DB-EAD6-43A8-ACED-C5C8340FE244}.Release|Mixed Platforms.Build.0 = Release|x86
		{48EFB3DB-EAD6-43A8-ACED-C5C8340FE244}.Release|x86.ActiveCfg = Release|x86
		{48EFB3DB-EAD6-43A8-ACED-C5C8340FE244}.Release|x86.Build.0 = Release|x86
		{48EFB3DB-EAD6-43A8-ACED-C5C8340FE244}.Test|.NET.ActiveCfg = Test|x86
		{48EFB3DB-EAD6-43A8-ACED-C5C8340FE244}.Test|Any CPU.ActiveCfg = Test|x86
		{48EFB3DB-EAD6-43A8-ACED-C5C8340FE244}.Test|Mixed Platforms.ActiveCfg = Test|x86
		{48EFB3DB-EAD6-43A8-ACED-C5C8340FE244}.Test|Mixed Platforms.Build.0 = Test|x86
		{48EFB3DB-EAD6-43A8-ACED-C5C8340FE244}.Test|x86.ActiveCfg = Test|x86
		{48EFB3DB-EAD6-43A8-ACED-C5C8340FE244}.Test|x86.Build.0 = Test|x86
		{F0816FFE-33AB-4F4F-85DB-94125E09140B}.Debug|.NET.ActiveCfg = Debug|Any CPU
		{F0816FFE-33AB-4F4F-85DB-94125E09140B}.Debug|Any CPU.ActiveCfg = Debug|Any CPU
		{F0816FFE-33AB-4F4F-85DB-94125E09140B}.Debug|Any CPU.Build.0 = Debug|Any CPU
		{F0816FFE-33AB-4F4F-85DB-94125E09140B}.Debug|Mixed Platforms.ActiveCfg = Debug|Any CPU
		{F0816FFE-33AB-4F4F-85DB-94125E09140B}.Debug|Mixed Platforms.Build.0 = Debug|Any CPU
		{F0816FFE-33AB-4F4F-85DB-94125E09140B}.Debug|x86.ActiveCfg = Debug|Any CPU
		{F0816FFE-33AB-4F4F-85DB-94125E09140B}.KdsProd01|.NET.ActiveCfg = Release|Any CPU
		{F0816FFE-33AB-4F4F-85DB-94125E09140B}.KdsProd01|Any CPU.ActiveCfg = Release|Any CPU
		{F0816FFE-33AB-4F4F-85DB-94125E09140B}.KdsProd01|Any CPU.Build.0 = Release|Any CPU
		{F0816FFE-33AB-4F4F-85DB-94125E09140B}.KdsProd01|Mixed Platforms.ActiveCfg = Release|Any CPU
		{F0816FFE-33AB-4F4F-85DB-94125E09140B}.KdsProd01|Mixed Platforms.Build.0 = Release|Any CPU
		{F0816FFE-33AB-4F4F-85DB-94125E09140B}.KdsProd01|x86.ActiveCfg = Release|Any CPU
		{F0816FFE-33AB-4F4F-85DB-94125E09140B}.KdsProd01|x86.Build.0 = Release|Any CPU
		{F0816FFE-33AB-4F4F-85DB-94125E09140B}.KdsProd02|.NET.ActiveCfg = Release|Any CPU
		{F0816FFE-33AB-4F4F-85DB-94125E09140B}.KdsProd02|Any CPU.ActiveCfg = Release|Any CPU
		{F0816FFE-33AB-4F4F-85DB-94125E09140B}.KdsProd02|Any CPU.Build.0 = Release|Any CPU
		{F0816FFE-33AB-4F4F-85DB-94125E09140B}.KdsProd02|Mixed Platforms.ActiveCfg = Release|Any CPU
		{F0816FFE-33AB-4F4F-85DB-94125E09140B}.KdsProd02|Mixed Platforms.Build.0 = Release|Any CPU
		{F0816FFE-33AB-4F4F-85DB-94125E09140B}.KdsProd02|x86.ActiveCfg = Release|Any CPU
		{F0816FFE-33AB-4F4F-85DB-94125E09140B}.KdsProd02|x86.Build.0 = Release|Any CPU
		{F0816FFE-33AB-4F4F-85DB-94125E09140B}.KdsTest|.NET.ActiveCfg = Release|Any CPU
		{F0816FFE-33AB-4F4F-85DB-94125E09140B}.KdsTest|Any CPU.ActiveCfg = Release|Any CPU
		{F0816FFE-33AB-4F4F-85DB-94125E09140B}.KdsTest|Any CPU.Build.0 = Release|Any CPU
		{F0816FFE-33AB-4F4F-85DB-94125E09140B}.KdsTest|Mixed Platforms.ActiveCfg = Release|Any CPU
		{F0816FFE-33AB-4F4F-85DB-94125E09140B}.KdsTest|Mixed Platforms.Build.0 = Release|Any CPU
		{F0816FFE-33AB-4F4F-85DB-94125E09140B}.KdsTest|x86.ActiveCfg = Release|Any CPU
		{F0816FFE-33AB-4F4F-85DB-94125E09140B}.KdsTest|x86.Build.0 = Release|Any CPU
		{F0816FFE-33AB-4F4F-85DB-94125E09140B}.Release|.NET.ActiveCfg = Release|Any CPU
		{F0816FFE-33AB-4F4F-85DB-94125E09140B}.Release|Any CPU.ActiveCfg = Release|Any CPU
		{F0816FFE-33AB-4F4F-85DB-94125E09140B}.Release|Any CPU.Build.0 = Release|Any CPU
		{F0816FFE-33AB-4F4F-85DB-94125E09140B}.Release|Mixed Platforms.ActiveCfg = Release|Any CPU
		{F0816FFE-33AB-4F4F-85DB-94125E09140B}.Release|Mixed Platforms.Build.0 = Release|Any CPU
		{F0816FFE-33AB-4F4F-85DB-94125E09140B}.Release|x86.ActiveCfg = Release|Any CPU
		{F0816FFE-33AB-4F4F-85DB-94125E09140B}.Test|.NET.ActiveCfg = Release|Any CPU
		{F0816FFE-33AB-4F4F-85DB-94125E09140B}.Test|Any CPU.ActiveCfg = Release|Any CPU
		{F0816FFE-33AB-4F4F-85DB-94125E09140B}.Test|Any CPU.Build.0 = Release|Any CPU
		{F0816FFE-33AB-4F4F-85DB-94125E09140B}.Test|Mixed Platforms.ActiveCfg = Release|Any CPU
		{F0816FFE-33AB-4F4F-85DB-94125E09140B}.Test|Mixed Platforms.Build.0 = Release|Any CPU
		{F0816FFE-33AB-4F4F-85DB-94125E09140B}.Test|x86.ActiveCfg = Release|Any CPU
	EndGlobalSection
	GlobalSection(SolutionProperties) = preSolution
		HideSolutionNode = FALSE
	EndGlobalSection
	GlobalSection(NestedProjects) = preSolution
		{B3E759EC-2A7B-4C38-9013-730C3A628AA8} = {8F942FC4-D956-4D17-9756-F4E9B2446E64}
		{1CF6ED40-3036-4B17-AB5A-35F5C265C28C} = {8F942FC4-D956-4D17-9756-F4E9B2446E64}
		{F2F12CC6-7B61-4B62-A364-CF1E132D2BF9} = {8F942FC4-D956-4D17-9756-F4E9B2446E64}
		{96AA16AD-DC40-43DF-807D-C1F20ECD7C02} = {4DA23671-7C5A-4FF7-86B8-A22FE56F5D5B}
		{6EC931D1-0935-49F4-8A12-331CA207C256} = {4DA23671-7C5A-4FF7-86B8-A22FE56F5D5B}
		{E4DBF1BD-F8E5-430F-BC25-8064954CEBEE} = {4DA23671-7C5A-4FF7-86B8-A22FE56F5D5B}
		{BA5C4914-3D29-4B2B-83AF-D43389DFED17} = {A6620A11-F241-4F85-994D-C9158FAD93EF}
		{99802F09-7707-4AE2-8120-7F2DAAF871D7} = {A6620A11-F241-4F85-994D-C9158FAD93EF}
		{FD6ABF10-65F1-4091-A046-31681A93D563} = {A6620A11-F241-4F85-994D-C9158FAD93EF}
		{F0816FFE-33AB-4F4F-85DB-94125E09140B} = {A6620A11-F241-4F85-994D-C9158FAD93EF}
		{ECF904B0-35DE-4570-86BA-7676D617F07B} = {6F053E40-5E3D-4B67-B748-8B51AF74C5D5}
		{7B74C39D-09A2-4820-BDB1-A43186F127EE} = {6F053E40-5E3D-4B67-B748-8B51AF74C5D5}
		{F685A3F0-4A35-4714-BD73-4FFC12829143} = {6F053E40-5E3D-4B67-B748-8B51AF74C5D5}
	EndGlobalSection
EndGlobal
