
Microsoft Visual Studio Solution File, Format Version 11.00
# Visual Studio 2010
Project("{FAE04EC0-301F-11D3-BF4B-00C04F79EFBC}") = "KdsLibrary", "KdsLibrary\KdsLibrary.csproj", "{B3E759EC-2A7B-4C38-9013-730C3A628AA8}"
EndProject
Project("{FAE04EC0-301F-11D3-BF4B-00C04F79EFBC}") = "KdsDefinition", "KdsDefinition\KdsDefinition.csproj", "{547669FA-B1B3-446C-8E8A-82E279AB2C4C}"
EndProject
Project("{F184B08F-C81C-45F6-A57F-5ABD9991F28F}") = "KdsScheduler", "KdsScheduler\KdsScheduler.vbproj", "{E871EADB-30EA-4F80-B70B-6CB95A885E4B}"
EndProject
Project("{F184B08F-C81C-45F6-A57F-5ABD9991F28F}") = "KdsDataImport", "KdsDataImport\KdsDataImport.vbproj", "{D4A152EC-27EB-4C8C-BDAB-4012680DA683}"
EndProject
Project("{FAE04EC0-301F-11D3-BF4B-00C04F79EFBC}") = "KdsBatch", "KdsBatch\KdsBatch.csproj", "{482BDA70-9AF2-4498-9627-E9C43EE44FDF}"
	ProjectSection(ProjectDependencies) = postProject
		{8979010C-FE5C-4652-8027-FFF2378353E3} = {8979010C-FE5C-4652-8027-FFF2378353E3}
	EndProjectSection
EndProject
Project("{FAE04EC0-301F-11D3-BF4B-00C04F79EFBC}") = "KdsWorkFlow", "KdsWorkFlow\KdsWorkFlow.csproj", "{8979010C-FE5C-4652-8027-FFF2378353E3}"
EndProject
Project("{FAE04EC0-301F-11D3-BF4B-00C04F79EFBC}") = "KdsService", "KdsService\KdsService.csproj", "{42E67ADD-8C97-47F4-B3F1-4EC0F49EE19F}"
EndProject
Project("{E24C65DC-7377-472B-9ABA-BC803B73C61A}") = "KdsWebSite", "KdsWebSite", "{843B4135-4020-415E-8111-8103603BD1AB}"
	ProjectSection(WebsiteProperties) = preProject
		SccProjectName = "SAK"
		SccAuxPath = "SAK"
		SccLocalPath = "SAK"
		SccProvider = "SAK"
		TargetFrameworkMoniker = ".NETFramework,Version%3Dv4.0"
		ProjectReferences = "{D4A152EC-27EB-4C8C-BDAB-4012680DA683}|KdsDataImport.dll;{8979010C-FE5C-4652-8027-FFF2378353E3}|KdsWorkFlow.dll;{B3E759EC-2A7B-4C38-9013-730C3A628AA8}|KdsLibrary.dll;{482BDA70-9AF2-4498-9627-E9C43EE44FDF}|KdsBatch.dll;"
		Debug.AspNetCompiler.VirtualPath = "/KdsWebSite"
		Debug.AspNetCompiler.PhysicalPath = "KdsWebSite\"
		Debug.AspNetCompiler.TargetPath = "PrecompiledWeb\KdsWebSite\"
		Debug.AspNetCompiler.Updateable = "true"
		Debug.AspNetCompiler.ForceOverwrite = "true"
		Debug.AspNetCompiler.FixedNames = "false"
		Debug.AspNetCompiler.Debug = "True"
		Release.AspNetCompiler.VirtualPath = "/KdsWebSite"
		Release.AspNetCompiler.PhysicalPath = "KdsWebSite\"
		Release.AspNetCompiler.TargetPath = "PrecompiledWeb\KdsWebSite\"
		Release.AspNetCompiler.Updateable = "true"
		Release.AspNetCompiler.ForceOverwrite = "true"
		Release.AspNetCompiler.FixedNames = "false"
		Release.AspNetCompiler.Debug = "False"
		VWDPort = "65247"
	EndProjectSection
EndProject
Project("{FAE04EC0-301F-11D3-BF4B-00C04F79EFBC}") = "KdsTaskManager", "KdsTaskManager\KdsTaskManager.csproj", "{438301FD-7CC1-40FB-A426-EBC716082965}"
EndProject
Project("{FAE04EC0-301F-11D3-BF4B-00C04F79EFBC}") = "KdsCalcul", "KdsCalcul\KdsCalcul.csproj", "{48EFB3DB-EAD6-43A8-ACED-C5C8340FE244}"
EndProject
Global
	GlobalSection(TeamFoundationVersionControl) = preSolution
		SccNumberOfProjects = 11
		SccEnterpriseProvider = {4CA58AB2-18FA-4F8D-95D4-32DDF27D184C}
		SccTeamFoundationServer = http://tfssrv01:8080/tfs/ksafimcollection
		SccLocalPath0 = .
		SccProjectUniqueName1 = KdsScheduler\\KdsScheduler.vbproj
		SccProjectName1 = KdsScheduler
		SccLocalPath1 = KdsScheduler
		SccProjectUniqueName2 = KdsLibrary\\KdsLibrary.csproj
		SccProjectName2 = KdsLibrary
		SccLocalPath2 = KdsLibrary
		SccProjectUniqueName3 = KdsDefinition\\KdsDefinition.csproj
		SccProjectName3 = KdsDefinition
		SccLocalPath3 = KdsDefinition
		SccProjectUniqueName4 = KdsDataImport\\KdsDataImport.vbproj
		SccProjectName4 = KdsDataImport
		SccLocalPath4 = KdsDataImport
		SccProjectUniqueName5 = KdsBatch\\KdsBatch.csproj
		SccProjectName5 = KdsBatch
		SccLocalPath5 = KdsBatch
		SccProjectUniqueName6 = KdsWorkFlow\\KdsWorkFlow.csproj
		SccProjectName6 = KdsWorkFlow
		SccLocalPath6 = KdsWorkFlow
		SccProjectUniqueName7 = KdsService\\KdsService.csproj
		SccProjectName7 = KdsService
		SccLocalPath7 = KdsService
		SccWebProject8 = true
		SccProjectUniqueName8 = KdsWebSite
		SccProjectName8 = KdsWebSite
		SccLocalPath8 = KdsWebSite
		SccProjectEnlistmentChoice8 = 2
		SccProjectUniqueName9 = KdsTaskManager\\KdsTaskManager.csproj
		SccProjectName9 = KdsTaskManager
		SccLocalPath9 = KdsTaskManager
		SccProjectUniqueName10 = KdsCalcul\\KdsCalcul.csproj
		SccProjectName10 = KdsCalcul
		SccLocalPath10 = KdsCalcul
	EndGlobalSection
	GlobalSection(SolutionConfigurationPlatforms) = preSolution
		Debug|.NET = Debug|.NET
		Debug|Any CPU = Debug|Any CPU
		Debug|Mixed Platforms = Debug|Mixed Platforms
		Debug|x86 = Debug|x86
		Release|.NET = Release|.NET
		Release|Any CPU = Release|Any CPU
		Release|Mixed Platforms = Release|Mixed Platforms
		Release|x86 = Release|x86
	EndGlobalSection
	GlobalSection(ProjectConfigurationPlatforms) = postSolution
		{B3E759EC-2A7B-4C38-9013-730C3A628AA8}.Debug|.NET.ActiveCfg = Debug|Any CPU
		{B3E759EC-2A7B-4C38-9013-730C3A628AA8}.Debug|.NET.Build.0 = Debug|Any CPU
		{B3E759EC-2A7B-4C38-9013-730C3A628AA8}.Debug|Any CPU.ActiveCfg = Debug|Any CPU
		{B3E759EC-2A7B-4C38-9013-730C3A628AA8}.Debug|Any CPU.Build.0 = Debug|Any CPU
		{B3E759EC-2A7B-4C38-9013-730C3A628AA8}.Debug|Mixed Platforms.ActiveCfg = Debug|Any CPU
		{B3E759EC-2A7B-4C38-9013-730C3A628AA8}.Debug|Mixed Platforms.Build.0 = Debug|Any CPU
		{B3E759EC-2A7B-4C38-9013-730C3A628AA8}.Debug|x86.ActiveCfg = Debug|Any CPU
		{B3E759EC-2A7B-4C38-9013-730C3A628AA8}.Release|.NET.ActiveCfg = Release|Any CPU
		{B3E759EC-2A7B-4C38-9013-730C3A628AA8}.Release|.NET.Build.0 = Release|Any CPU
		{B3E759EC-2A7B-4C38-9013-730C3A628AA8}.Release|Any CPU.ActiveCfg = Release|Any CPU
		{B3E759EC-2A7B-4C38-9013-730C3A628AA8}.Release|Any CPU.Build.0 = Release|Any CPU
		{B3E759EC-2A7B-4C38-9013-730C3A628AA8}.Release|Mixed Platforms.ActiveCfg = Release|Any CPU
		{B3E759EC-2A7B-4C38-9013-730C3A628AA8}.Release|Mixed Platforms.Build.0 = Release|Any CPU
		{B3E759EC-2A7B-4C38-9013-730C3A628AA8}.Release|x86.ActiveCfg = Release|Any CPU
		{547669FA-B1B3-446C-8E8A-82E279AB2C4C}.Debug|.NET.ActiveCfg = Debug|Any CPU
		{547669FA-B1B3-446C-8E8A-82E279AB2C4C}.Debug|Any CPU.ActiveCfg = Debug|Any CPU
		{547669FA-B1B3-446C-8E8A-82E279AB2C4C}.Debug|Any CPU.Build.0 = Debug|Any CPU
		{547669FA-B1B3-446C-8E8A-82E279AB2C4C}.Debug|Mixed Platforms.ActiveCfg = Debug|Any CPU
		{547669FA-B1B3-446C-8E8A-82E279AB2C4C}.Debug|Mixed Platforms.Build.0 = Debug|Any CPU
		{547669FA-B1B3-446C-8E8A-82E279AB2C4C}.Debug|x86.ActiveCfg = Debug|Any CPU
		{547669FA-B1B3-446C-8E8A-82E279AB2C4C}.Release|.NET.ActiveCfg = Release|Any CPU
		{547669FA-B1B3-446C-8E8A-82E279AB2C4C}.Release|.NET.Build.0 = Release|Any CPU
		{547669FA-B1B3-446C-8E8A-82E279AB2C4C}.Release|Any CPU.ActiveCfg = Release|Any CPU
		{547669FA-B1B3-446C-8E8A-82E279AB2C4C}.Release|Any CPU.Build.0 = Release|Any CPU
		{547669FA-B1B3-446C-8E8A-82E279AB2C4C}.Release|Mixed Platforms.ActiveCfg = Release|Any CPU
		{547669FA-B1B3-446C-8E8A-82E279AB2C4C}.Release|Mixed Platforms.Build.0 = Release|Any CPU
		{547669FA-B1B3-446C-8E8A-82E279AB2C4C}.Release|x86.ActiveCfg = Release|Any CPU
		{E871EADB-30EA-4F80-B70B-6CB95A885E4B}.Debug|.NET.ActiveCfg = Debug|Any CPU
		{E871EADB-30EA-4F80-B70B-6CB95A885E4B}.Debug|.NET.Build.0 = Debug|Any CPU
		{E871EADB-30EA-4F80-B70B-6CB95A885E4B}.Debug|Any CPU.ActiveCfg = Debug|Any CPU
		{E871EADB-30EA-4F80-B70B-6CB95A885E4B}.Debug|Any CPU.Build.0 = Debug|Any CPU
		{E871EADB-30EA-4F80-B70B-6CB95A885E4B}.Debug|Mixed Platforms.ActiveCfg = Debug|Any CPU
		{E871EADB-30EA-4F80-B70B-6CB95A885E4B}.Debug|Mixed Platforms.Build.0 = Debug|Any CPU
		{E871EADB-30EA-4F80-B70B-6CB95A885E4B}.Debug|x86.ActiveCfg = Debug|Any CPU
		{E871EADB-30EA-4F80-B70B-6CB95A885E4B}.Release|.NET.ActiveCfg = Release|Any CPU
		{E871EADB-30EA-4F80-B70B-6CB95A885E4B}.Release|.NET.Build.0 = Release|Any CPU
		{E871EADB-30EA-4F80-B70B-6CB95A885E4B}.Release|Any CPU.ActiveCfg = Release|Any CPU
		{E871EADB-30EA-4F80-B70B-6CB95A885E4B}.Release|Any CPU.Build.0 = Release|Any CPU
		{E871EADB-30EA-4F80-B70B-6CB95A885E4B}.Release|Mixed Platforms.ActiveCfg = Release|Any CPU
		{E871EADB-30EA-4F80-B70B-6CB95A885E4B}.Release|Mixed Platforms.Build.0 = Release|Any CPU
		{E871EADB-30EA-4F80-B70B-6CB95A885E4B}.Release|x86.ActiveCfg = Release|Any CPU
		{D4A152EC-27EB-4C8C-BDAB-4012680DA683}.Debug|.NET.ActiveCfg = Debug|Any CPU
		{D4A152EC-27EB-4C8C-BDAB-4012680DA683}.Debug|.NET.Build.0 = Debug|Any CPU
		{D4A152EC-27EB-4C8C-BDAB-4012680DA683}.Debug|Any CPU.ActiveCfg = Debug|Any CPU
		{D4A152EC-27EB-4C8C-BDAB-4012680DA683}.Debug|Any CPU.Build.0 = Debug|Any CPU
		{D4A152EC-27EB-4C8C-BDAB-4012680DA683}.Debug|Mixed Platforms.ActiveCfg = Debug|Any CPU
		{D4A152EC-27EB-4C8C-BDAB-4012680DA683}.Debug|Mixed Platforms.Build.0 = Debug|Any CPU
		{D4A152EC-27EB-4C8C-BDAB-4012680DA683}.Debug|x86.ActiveCfg = Debug|Any CPU
		{D4A152EC-27EB-4C8C-BDAB-4012680DA683}.Release|.NET.ActiveCfg = Release|Any CPU
		{D4A152EC-27EB-4C8C-BDAB-4012680DA683}.Release|.NET.Build.0 = Release|Any CPU
		{D4A152EC-27EB-4C8C-BDAB-4012680DA683}.Release|Any CPU.ActiveCfg = Release|Any CPU
		{D4A152EC-27EB-4C8C-BDAB-4012680DA683}.Release|Any CPU.Build.0 = Release|Any CPU
		{D4A152EC-27EB-4C8C-BDAB-4012680DA683}.Release|Mixed Platforms.ActiveCfg = Release|Any CPU
		{D4A152EC-27EB-4C8C-BDAB-4012680DA683}.Release|Mixed Platforms.Build.0 = Release|Any CPU
		{D4A152EC-27EB-4C8C-BDAB-4012680DA683}.Release|x86.ActiveCfg = Release|Any CPU
		{482BDA70-9AF2-4498-9627-E9C43EE44FDF}.Debug|.NET.ActiveCfg = Debug|Any CPU
		{482BDA70-9AF2-4498-9627-E9C43EE44FDF}.Debug|.NET.Build.0 = Debug|Any CPU
		{482BDA70-9AF2-4498-9627-E9C43EE44FDF}.Debug|Any CPU.ActiveCfg = Debug|Any CPU
		{482BDA70-9AF2-4498-9627-E9C43EE44FDF}.Debug|Any CPU.Build.0 = Debug|Any CPU
		{482BDA70-9AF2-4498-9627-E9C43EE44FDF}.Debug|Mixed Platforms.ActiveCfg = Debug|Any CPU
		{482BDA70-9AF2-4498-9627-E9C43EE44FDF}.Debug|Mixed Platforms.Build.0 = Debug|Any CPU
		{482BDA70-9AF2-4498-9627-E9C43EE44FDF}.Debug|x86.ActiveCfg = Debug|Any CPU
		{482BDA70-9AF2-4498-9627-E9C43EE44FDF}.Release|.NET.ActiveCfg = Release|Any CPU
		{482BDA70-9AF2-4498-9627-E9C43EE44FDF}.Release|.NET.Build.0 = Release|Any CPU
		{482BDA70-9AF2-4498-9627-E9C43EE44FDF}.Release|Any CPU.ActiveCfg = Release|Any CPU
		{482BDA70-9AF2-4498-9627-E9C43EE44FDF}.Release|Any CPU.Build.0 = Release|Any CPU
		{482BDA70-9AF2-4498-9627-E9C43EE44FDF}.Release|Mixed Platforms.ActiveCfg = Release|Any CPU
		{482BDA70-9AF2-4498-9627-E9C43EE44FDF}.Release|Mixed Platforms.Build.0 = Release|Any CPU
		{482BDA70-9AF2-4498-9627-E9C43EE44FDF}.Release|x86.ActiveCfg = Release|Any CPU
		{8979010C-FE5C-4652-8027-FFF2378353E3}.Debug|.NET.ActiveCfg = Debug|Any CPU
		{8979010C-FE5C-4652-8027-FFF2378353E3}.Debug|.NET.Build.0 = Debug|Any CPU
		{8979010C-FE5C-4652-8027-FFF2378353E3}.Debug|Any CPU.ActiveCfg = Debug|Any CPU
		{8979010C-FE5C-4652-8027-FFF2378353E3}.Debug|Any CPU.Build.0 = Debug|Any CPU
		{8979010C-FE5C-4652-8027-FFF2378353E3}.Debug|Mixed Platforms.ActiveCfg = Debug|Any CPU
		{8979010C-FE5C-4652-8027-FFF2378353E3}.Debug|Mixed Platforms.Build.0 = Debug|Any CPU
		{8979010C-FE5C-4652-8027-FFF2378353E3}.Debug|x86.ActiveCfg = Debug|Any CPU
		{8979010C-FE5C-4652-8027-FFF2378353E3}.Release|.NET.ActiveCfg = Release|Any CPU
		{8979010C-FE5C-4652-8027-FFF2378353E3}.Release|.NET.Build.0 = Release|Any CPU
		{8979010C-FE5C-4652-8027-FFF2378353E3}.Release|Any CPU.ActiveCfg = Release|Any CPU
		{8979010C-FE5C-4652-8027-FFF2378353E3}.Release|Any CPU.Build.0 = Release|Any CPU
		{8979010C-FE5C-4652-8027-FFF2378353E3}.Release|Mixed Platforms.ActiveCfg = Release|Any CPU
		{8979010C-FE5C-4652-8027-FFF2378353E3}.Release|Mixed Platforms.Build.0 = Release|Any CPU
		{8979010C-FE5C-4652-8027-FFF2378353E3}.Release|x86.ActiveCfg = Release|Any CPU
		{42E67ADD-8C97-47F4-B3F1-4EC0F49EE19F}.Debug|.NET.ActiveCfg = Debug|Any CPU
		{42E67ADD-8C97-47F4-B3F1-4EC0F49EE19F}.Debug|.NET.Build.0 = Debug|Any CPU
		{42E67ADD-8C97-47F4-B3F1-4EC0F49EE19F}.Debug|Any CPU.ActiveCfg = Debug|Any CPU
		{42E67ADD-8C97-47F4-B3F1-4EC0F49EE19F}.Debug|Any CPU.Build.0 = Debug|Any CPU
		{42E67ADD-8C97-47F4-B3F1-4EC0F49EE19F}.Debug|Mixed Platforms.ActiveCfg = Debug|Any CPU
		{42E67ADD-8C97-47F4-B3F1-4EC0F49EE19F}.Debug|Mixed Platforms.Build.0 = Debug|Any CPU
		{42E67ADD-8C97-47F4-B3F1-4EC0F49EE19F}.Debug|x86.ActiveCfg = Debug|Any CPU
		{42E67ADD-8C97-47F4-B3F1-4EC0F49EE19F}.Release|.NET.ActiveCfg = Release|Any CPU
		{42E67ADD-8C97-47F4-B3F1-4EC0F49EE19F}.Release|.NET.Build.0 = Release|Any CPU
		{42E67ADD-8C97-47F4-B3F1-4EC0F49EE19F}.Release|Any CPU.ActiveCfg = Release|Any CPU
		{42E67ADD-8C97-47F4-B3F1-4EC0F49EE19F}.Release|Any CPU.Build.0 = Release|Any CPU
		{42E67ADD-8C97-47F4-B3F1-4EC0F49EE19F}.Release|Mixed Platforms.ActiveCfg = Release|Any CPU
		{42E67ADD-8C97-47F4-B3F1-4EC0F49EE19F}.Release|Mixed Platforms.Build.0 = Release|Any CPU
		{42E67ADD-8C97-47F4-B3F1-4EC0F49EE19F}.Release|x86.ActiveCfg = Release|Any CPU
		{843B4135-4020-415E-8111-8103603BD1AB}.Debug|.NET.ActiveCfg = Debug|Any CPU
		{843B4135-4020-415E-8111-8103603BD1AB}.Debug|Any CPU.ActiveCfg = Debug|Any CPU
		{843B4135-4020-415E-8111-8103603BD1AB}.Debug|Any CPU.Build.0 = Debug|Any CPU
		{843B4135-4020-415E-8111-8103603BD1AB}.Debug|Mixed Platforms.ActiveCfg = Debug|Any CPU
		{843B4135-4020-415E-8111-8103603BD1AB}.Debug|Mixed Platforms.Build.0 = Debug|Any CPU
		{843B4135-4020-415E-8111-8103603BD1AB}.Debug|x86.ActiveCfg = Debug|Any CPU
		{843B4135-4020-415E-8111-8103603BD1AB}.Release|.NET.ActiveCfg = Debug|Any CPU
		{843B4135-4020-415E-8111-8103603BD1AB}.Release|Any CPU.ActiveCfg = Debug|Any CPU
		{843B4135-4020-415E-8111-8103603BD1AB}.Release|Any CPU.Build.0 = Debug|Any CPU
		{843B4135-4020-415E-8111-8103603BD1AB}.Release|Mixed Platforms.ActiveCfg = Debug|Any CPU
		{843B4135-4020-415E-8111-8103603BD1AB}.Release|Mixed Platforms.Build.0 = Debug|Any CPU
		{843B4135-4020-415E-8111-8103603BD1AB}.Release|x86.ActiveCfg = Debug|Any CPU
		{438301FD-7CC1-40FB-A426-EBC716082965}.Debug|.NET.ActiveCfg = Debug|x86
		{438301FD-7CC1-40FB-A426-EBC716082965}.Debug|.NET.Build.0 = Debug|x86
		{438301FD-7CC1-40FB-A426-EBC716082965}.Debug|Any CPU.ActiveCfg = Debug|x86
		{438301FD-7CC1-40FB-A426-EBC716082965}.Debug|Mixed Platforms.ActiveCfg = Debug|x86
		{438301FD-7CC1-40FB-A426-EBC716082965}.Debug|Mixed Platforms.Build.0 = Debug|x86
		{438301FD-7CC1-40FB-A426-EBC716082965}.Debug|x86.ActiveCfg = Debug|x86
		{438301FD-7CC1-40FB-A426-EBC716082965}.Debug|x86.Build.0 = Debug|x86
		{438301FD-7CC1-40FB-A426-EBC716082965}.Release|.NET.ActiveCfg = Release|x86
		{438301FD-7CC1-40FB-A426-EBC716082965}.Release|.NET.Build.0 = Release|x86
		{438301FD-7CC1-40FB-A426-EBC716082965}.Release|Any CPU.ActiveCfg = Release|x86
		{438301FD-7CC1-40FB-A426-EBC716082965}.Release|Mixed Platforms.ActiveCfg = Release|x86
		{438301FD-7CC1-40FB-A426-EBC716082965}.Release|Mixed Platforms.Build.0 = Release|x86
		{438301FD-7CC1-40FB-A426-EBC716082965}.Release|x86.ActiveCfg = Release|x86
		{438301FD-7CC1-40FB-A426-EBC716082965}.Release|x86.Build.0 = Release|x86
		{48EFB3DB-EAD6-43A8-ACED-C5C8340FE244}.Debug|.NET.ActiveCfg = Debug|x86
		{48EFB3DB-EAD6-43A8-ACED-C5C8340FE244}.Debug|Any CPU.ActiveCfg = Debug|x86
		{48EFB3DB-EAD6-43A8-ACED-C5C8340FE244}.Debug|Mixed Platforms.ActiveCfg = Debug|x86
		{48EFB3DB-EAD6-43A8-ACED-C5C8340FE244}.Debug|Mixed Platforms.Build.0 = Debug|x86
		{48EFB3DB-EAD6-43A8-ACED-C5C8340FE244}.Debug|x86.ActiveCfg = Debug|x86
		{48EFB3DB-EAD6-43A8-ACED-C5C8340FE244}.Debug|x86.Build.0 = Debug|x86
		{48EFB3DB-EAD6-43A8-ACED-C5C8340FE244}.Release|.NET.ActiveCfg = Release|x86
		{48EFB3DB-EAD6-43A8-ACED-C5C8340FE244}.Release|.NET.Build.0 = Release|x86
		{48EFB3DB-EAD6-43A8-ACED-C5C8340FE244}.Release|Any CPU.ActiveCfg = Release|x86
		{48EFB3DB-EAD6-43A8-ACED-C5C8340FE244}.Release|Mixed Platforms.ActiveCfg = Release|x86
		{48EFB3DB-EAD6-43A8-ACED-C5C8340FE244}.Release|Mixed Platforms.Build.0 = Release|x86
		{48EFB3DB-EAD6-43A8-ACED-C5C8340FE244}.Release|x86.ActiveCfg = Release|x86
		{48EFB3DB-EAD6-43A8-ACED-C5C8340FE244}.Release|x86.Build.0 = Release|x86
	EndGlobalSection
	GlobalSection(SolutionProperties) = preSolution
		HideSolutionNode = FALSE
	EndGlobalSection
EndGlobal
