
Microsoft Visual Studio Solution File, Format Version 10.00
# Visual Studio 2008
Project("{F14B399A-7131-4C87-9E4B-1186C45EF12D}") = "KdsReports", "KdsReports\KdsReports.rptproj", "{BB1C05B1-32B7-44CC-ABB1-A01B840AC64D}"
EndProject
Global
	GlobalSection(SourceCodeControl) = preSolution
		SccNumberOfProjects = 2
		SccLocalPath0 = .
		SccProjectUniqueName1 = KdsReports\\KdsReports.rptproj
		SccLocalPath1 = .
		SccProjectFilePathRelativizedFromConnection1 = KdsReports\\
	EndGlobalSection
	GlobalSection(SolutionConfigurationPlatforms) = preSolution
		Debug|Default = Debug|Default
		DebugLocal|Default = DebugLocal|Default
		Release|Default = Release|Default
	EndGlobalSection
	GlobalSection(ProjectConfigurationPlatforms) = postSolution
		{BB1C05B1-32B7-44CC-ABB1-A01B840AC64D}.Debug|Default.ActiveCfg = Debug
		{BB1C05B1-32B7-44CC-ABB1-A01B840AC64D}.Debug|Default.Build.0 = DebugLocal
		{BB1C05B1-32B7-44CC-ABB1-A01B840AC64D}.Debug|Default.Deploy.0 = DebugLocal
		{BB1C05B1-32B7-44CC-ABB1-A01B840AC64D}.DebugLocal|Default.ActiveCfg = DebugLocal
		{BB1C05B1-32B7-44CC-ABB1-A01B840AC64D}.DebugLocal|Default.Build.0 = DebugLocal
		{BB1C05B1-32B7-44CC-ABB1-A01B840AC64D}.Release|Default.ActiveCfg = Release
		{BB1C05B1-32B7-44CC-ABB1-A01B840AC64D}.Release|Default.Build.0 = Release
		{BB1C05B1-32B7-44CC-ABB1-A01B840AC64D}.Release|Default.Deploy.0 = Release
	EndGlobalSection
	GlobalSection(SolutionProperties) = preSolution
		HideSolutionNode = FALSE
	EndGlobalSection
EndGlobal
